// !$*UTF8*$!
{
	archiveVersion = 1;
	classes = {
	};
	objectVersion = 46;
	objects = {

/* Begin PBXBuildFile section */
		174C95181D106CCD00EBFB07 /* AppDelegate.swift in Sources */ = {isa = PBXBuildFile; fileRef = 174C95171D106CCD00EBFB07 /* AppDelegate.swift */; };
		174C951F1D106CCD00EBFB07 /* Main.storyboard in Resources */ = {isa = PBXBuildFile; fileRef = 174C951D1D106CCD00EBFB07 /* Main.storyboard */; };
		174C95211D106CCE00EBFB07 /* Assets.xcassets in Resources */ = {isa = PBXBuildFile; fileRef = 174C95201D106CCE00EBFB07 /* Assets.xcassets */; };
		174C95241D106CCE00EBFB07 /* LaunchScreen.storyboard in Resources */ = {isa = PBXBuildFile; fileRef = 174C95221D106CCE00EBFB07 /* LaunchScreen.storyboard */; };
		174C952F1D106CCE00EBFB07 /* Info_Center_for_League_of_LegendsTests.swift in Sources */ = {isa = PBXBuildFile; fileRef = 174C952E1D106CCE00EBFB07 /* Info_Center_for_League_of_LegendsTests.swift */; };
		174C953A1D106CCE00EBFB07 /* Info_Center_for_League_of_LegendsUITests.swift in Sources */ = {isa = PBXBuildFile; fileRef = 174C95391D106CCE00EBFB07 /* Info_Center_for_League_of_LegendsUITests.swift */; };
		9BDD3013E0ED7A4DAF224558 /* Pods_Info_Center_for_League_of_Legends.framework in Frameworks */ = {isa = PBXBuildFile; fileRef = 2932808F146B2CA7C1F165DC /* Pods_Info_Center_for_League_of_Legends.framework */; };
/* End PBXBuildFile section */

/* Begin PBXContainerItemProxy section */
		174C952B1D106CCE00EBFB07 /* PBXContainerItemProxy */ = {
			isa = PBXContainerItemProxy;
			containerPortal = 174C950C1D106CCC00EBFB07 /* Project object */;
			proxyType = 1;
			remoteGlobalIDString = 174C95131D106CCC00EBFB07;
			remoteInfo = "Info Center for League of Legends";
		};
		174C95361D106CCE00EBFB07 /* PBXContainerItemProxy */ = {
			isa = PBXContainerItemProxy;
			containerPortal = 174C950C1D106CCC00EBFB07 /* Project object */;
			proxyType = 1;
			remoteGlobalIDString = 174C95131D106CCC00EBFB07;
			remoteInfo = "Info Center for League of Legends";
		};
/* End PBXContainerItemProxy section */

/* Begin PBXFileReference section */
		174C95141D106CCD00EBFB07 /* Info Center for League of Legends.app */ = {isa = PBXFileReference; explicitFileType = wrapper.application; includeInIndex = 0; path = "Info Center for League of Legends.app"; sourceTree = BUILT_PRODUCTS_DIR; };
		174C95171D106CCD00EBFB07 /* AppDelegate.swift */ = {isa = PBXFileReference; lastKnownFileType = sourcecode.swift; path = AppDelegate.swift; sourceTree = "<group>"; };
		174C951E1D106CCD00EBFB07 /* Base */ = {isa = PBXFileReference; lastKnownFileType = file.storyboard; name = Base; path = Base.lproj/Main.storyboard; sourceTree = "<group>"; };
		174C95201D106CCE00EBFB07 /* Assets.xcassets */ = {isa = PBXFileReference; lastKnownFileType = folder.assetcatalog; path = Assets.xcassets; sourceTree = "<group>"; };
		174C95231D106CCE00EBFB07 /* Base */ = {isa = PBXFileReference; lastKnownFileType = file.storyboard; name = Base; path = Base.lproj/LaunchScreen.storyboard; sourceTree = "<group>"; };
		174C95251D106CCE00EBFB07 /* Info.plist */ = {isa = PBXFileReference; lastKnownFileType = text.plist.xml; path = Info.plist; sourceTree = "<group>"; };
		174C952A1D106CCE00EBFB07 /* Info Center for League of LegendsTests.xctest */ = {isa = PBXFileReference; explicitFileType = wrapper.cfbundle; includeInIndex = 0; path = "Info Center for League of LegendsTests.xctest"; sourceTree = BUILT_PRODUCTS_DIR; };
		174C952E1D106CCE00EBFB07 /* Info_Center_for_League_of_LegendsTests.swift */ = {isa = PBXFileReference; lastKnownFileType = sourcecode.swift; path = Info_Center_for_League_of_LegendsTests.swift; sourceTree = "<group>"; };
		174C95301D106CCE00EBFB07 /* Info.plist */ = {isa = PBXFileReference; lastKnownFileType = text.plist.xml; path = Info.plist; sourceTree = "<group>"; };
		174C95351D106CCE00EBFB07 /* Info Center for League of LegendsUITests.xctest */ = {isa = PBXFileReference; explicitFileType = wrapper.cfbundle; includeInIndex = 0; path = "Info Center for League of LegendsUITests.xctest"; sourceTree = BUILT_PRODUCTS_DIR; };
		174C95391D106CCE00EBFB07 /* Info_Center_for_League_of_LegendsUITests.swift */ = {isa = PBXFileReference; lastKnownFileType = sourcecode.swift; path = Info_Center_for_League_of_LegendsUITests.swift; sourceTree = "<group>"; };
		174C953B1D106CCE00EBFB07 /* Info.plist */ = {isa = PBXFileReference; lastKnownFileType = text.plist.xml; path = Info.plist; sourceTree = "<group>"; };
		17D14E0E1D10D12A007F6938 /* Info Center for League of Legends.entitlements */ = {isa = PBXFileReference; lastKnownFileType = text.xml; path = "Info Center for League of Legends.entitlements"; sourceTree = "<group>"; };
		2932808F146B2CA7C1F165DC /* Pods_Info_Center_for_League_of_Legends.framework */ = {isa = PBXFileReference; explicitFileType = wrapper.framework; includeInIndex = 0; path = Pods_Info_Center_for_League_of_Legends.framework; sourceTree = BUILT_PRODUCTS_DIR; };
		920A493D3B84AECB3D66BDD5 /* Pods-Info Center for League of Legends.release.xcconfig */ = {isa = PBXFileReference; includeInIndex = 1; lastKnownFileType = text.xcconfig; name = "Pods-Info Center for League of Legends.release.xcconfig"; path = "Pods/Target Support Files/Pods-Info Center for League of Legends/Pods-Info Center for League of Legends.release.xcconfig"; sourceTree = "<group>"; };
		EABF361D88F86AB1565D7B3D /* Pods-Info Center for League of Legends.debug.xcconfig */ = {isa = PBXFileReference; includeInIndex = 1; lastKnownFileType = text.xcconfig; name = "Pods-Info Center for League of Legends.debug.xcconfig"; path = "Pods/Target Support Files/Pods-Info Center for League of Legends/Pods-Info Center for League of Legends.debug.xcconfig"; sourceTree = "<group>"; };
/* End PBXFileReference section */

/* Begin PBXFrameworksBuildPhase section */
		174C95111D106CCC00EBFB07 /* Frameworks */ = {
			isa = PBXFrameworksBuildPhase;
			buildActionMask = 2147483647;
			files = (
				9BDD3013E0ED7A4DAF224558 /* Pods_Info_Center_for_League_of_Legends.framework in Frameworks */,
			);
			runOnlyForDeploymentPostprocessing = 0;
		};
		174C95271D106CCE00EBFB07 /* Frameworks */ = {
			isa = PBXFrameworksBuildPhase;
			buildActionMask = 2147483647;
			files = (
			);
			runOnlyForDeploymentPostprocessing = 0;
		};
		174C95321D106CCE00EBFB07 /* Frameworks */ = {
			isa = PBXFrameworksBuildPhase;
			buildActionMask = 2147483647;
			files = (
			);
			runOnlyForDeploymentPostprocessing = 0;
		};
/* End PBXFrameworksBuildPhase section */

/* Begin PBXGroup section */
		174C950B1D106CCC00EBFB07 = {
			isa = PBXGroup;
			children = (
				174C95161D106CCD00EBFB07 /* Info Center for League of Legends */,
				174C952D1D106CCE00EBFB07 /* Info Center for League of LegendsTests */,
				174C95381D106CCE00EBFB07 /* Info Center for League of LegendsUITests */,
				174C95151D106CCD00EBFB07 /* Products */,
				63A748F66287514342697000 /* Pods */,
				21035380F080A49DE06B128A /* Frameworks */,
			);
			sourceTree = "<group>";
		};
		174C95151D106CCD00EBFB07 /* Products */ = {
			isa = PBXGroup;
			children = (
				174C95141D106CCD00EBFB07 /* Info Center for League of Legends.app */,
				174C952A1D106CCE00EBFB07 /* Info Center for League of LegendsTests.xctest */,
				174C95351D106CCE00EBFB07 /* Info Center for League of LegendsUITests.xctest */,
			);
			name = Products;
			sourceTree = "<group>";
		};
		174C95161D106CCD00EBFB07 /* Info Center for League of Legends */ = {
			isa = PBXGroup;
			children = (
				17D14E0E1D10D12A007F6938 /* Info Center for League of Legends.entitlements */,
				174C95171D106CCD00EBFB07 /* AppDelegate.swift */,
				174C951D1D106CCD00EBFB07 /* Main.storyboard */,
				174C95201D106CCE00EBFB07 /* Assets.xcassets */,
				174C95221D106CCE00EBFB07 /* LaunchScreen.storyboard */,
				174C95251D106CCE00EBFB07 /* Info.plist */,
			);
			path = "Info Center for League of Legends";
			sourceTree = "<group>";
		};
		174C952D1D106CCE00EBFB07 /* Info Center for League of LegendsTests */ = {
			isa = PBXGroup;
			children = (
				174C952E1D106CCE00EBFB07 /* Info_Center_for_League_of_LegendsTests.swift */,
				174C95301D106CCE00EBFB07 /* Info.plist */,
			);
			path = "Info Center for League of LegendsTests";
			sourceTree = "<group>";
		};
		174C95381D106CCE00EBFB07 /* Info Center for League of LegendsUITests */ = {
			isa = PBXGroup;
			children = (
				174C95391D106CCE00EBFB07 /* Info_Center_for_League_of_LegendsUITests.swift */,
				174C953B1D106CCE00EBFB07 /* Info.plist */,
			);
			path = "Info Center for League of LegendsUITests";
			sourceTree = "<group>";
		};
		21035380F080A49DE06B128A /* Frameworks */ = {
			isa = PBXGroup;
			children = (
				2932808F146B2CA7C1F165DC /* Pods_Info_Center_for_League_of_Legends.framework */,
			);
			name = Frameworks;
			sourceTree = "<group>";
		};
		63A748F66287514342697000 /* Pods */ = {
			isa = PBXGroup;
			children = (
				EABF361D88F86AB1565D7B3D /* Pods-Info Center for League of Legends.debug.xcconfig */,
				920A493D3B84AECB3D66BDD5 /* Pods-Info Center for League of Legends.release.xcconfig */,
			);
			name = Pods;
			sourceTree = "<group>";
		};
/* End PBXGroup section */

/* Begin PBXNativeTarget section */
		174C95131D106CCC00EBFB07 /* Info Center for League of Legends */ = {
			isa = PBXNativeTarget;
			buildConfigurationList = 174C953E1D106CCE00EBFB07 /* Build configuration list for PBXNativeTarget "Info Center for League of Legends" */;
			buildPhases = (
				B869A32C4A8AF6D394BD24F7 /* [CP] Check Pods Manifest.lock */,
				174C95101D106CCC00EBFB07 /* Sources */,
				174C95111D106CCC00EBFB07 /* Frameworks */,
				174C95121D106CCC00EBFB07 /* Resources */,
				17A5686FE59E71CD95A7A322 /* [CP] Embed Pods Frameworks */,
				F351271F06740BFD378CBCFE /* [CP] Copy Pods Resources */,
			);
			buildRules = (
			);
			dependencies = (
			);
			name = "Info Center for League of Legends";
			productName = "Info Center for League of Legends";
			productReference = 174C95141D106CCD00EBFB07 /* Info Center for League of Legends.app */;
			productType = "com.apple.product-type.application";
		};
		174C95291D106CCE00EBFB07 /* Info Center for League of LegendsTests */ = {
			isa = PBXNativeTarget;
			buildConfigurationList = 174C95411D106CCE00EBFB07 /* Build configuration list for PBXNativeTarget "Info Center for League of LegendsTests" */;
			buildPhases = (
				174C95261D106CCE00EBFB07 /* Sources */,
				174C95271D106CCE00EBFB07 /* Frameworks */,
				174C95281D106CCE00EBFB07 /* Resources */,
			);
			buildRules = (
			);
			dependencies = (
				174C952C1D106CCE00EBFB07 /* PBXTargetDependency */,
			);
			name = "Info Center for League of LegendsTests";
			productName = "Info Center for League of LegendsTests";
			productReference = 174C952A1D106CCE00EBFB07 /* Info Center for League of LegendsTests.xctest */;
			productType = "com.apple.product-type.bundle.unit-test";
		};
		174C95341D106CCE00EBFB07 /* Info Center for League of LegendsUITests */ = {
			isa = PBXNativeTarget;
			buildConfigurationList = 174C95441D106CCE00EBFB07 /* Build configuration list for PBXNativeTarget "Info Center for League of LegendsUITests" */;
			buildPhases = (
				174C95311D106CCE00EBFB07 /* Sources */,
				174C95321D106CCE00EBFB07 /* Frameworks */,
				174C95331D106CCE00EBFB07 /* Resources */,
			);
			buildRules = (
			);
			dependencies = (
				174C95371D106CCE00EBFB07 /* PBXTargetDependency */,
			);
			name = "Info Center for League of LegendsUITests";
			productName = "Info Center for League of LegendsUITests";
			productReference = 174C95351D106CCE00EBFB07 /* Info Center for League of LegendsUITests.xctest */;
			productType = "com.apple.product-type.bundle.ui-testing";
		};
/* End PBXNativeTarget section */

/* Begin PBXProject section */
		174C950C1D106CCC00EBFB07 /* Project object */ = {
			isa = PBXProject;
			attributes = {
				LastSwiftUpdateCheck = 0800;
				LastUpgradeCheck = 0800;
				ORGANIZATIONNAME = "Tech Genius";
				TargetAttributes = {
					174C95131D106CCC00EBFB07 = {
						CreatedOnToolsVersion = 8.0;
						DevelopmentTeam = 84PD2967AA;
						DevelopmentTeamName = "Eugenia Ilisei";
						ProvisioningStyle = Manual;
						SystemCapabilities = {
							com.apple.Push = {
								enabled = 1;
							};
						};
					};
					174C95291D106CCE00EBFB07 = {
						CreatedOnToolsVersion = 8.0;
						DevelopmentTeam = 84PD2967AA;
						DevelopmentTeamName = "Eugenia Ilisei";
						ProvisioningStyle = Automatic;
						TestTargetID = 174C95131D106CCC00EBFB07;
					};
					174C95341D106CCE00EBFB07 = {
						CreatedOnToolsVersion = 8.0;
						DevelopmentTeam = 84PD2967AA;
						DevelopmentTeamName = "Eugenia Ilisei";
						ProvisioningStyle = Automatic;
						TestTargetID = 174C95131D106CCC00EBFB07;
					};
				};
			};
			buildConfigurationList = 174C950F1D106CCC00EBFB07 /* Build configuration list for PBXProject "Info Center for League of Legends" */;
			compatibilityVersion = "Xcode 3.2";
			developmentRegion = English;
			hasScannedForEncodings = 0;
			knownRegions = (
				en,
				Base,
			);
			mainGroup = 174C950B1D106CCC00EBFB07;
			productRefGroup = 174C95151D106CCD00EBFB07 /* Products */;
			projectDirPath = "";
			projectRoot = "";
			targets = (
				174C95131D106CCC00EBFB07 /* Info Center for League of Legends */,
				174C95291D106CCE00EBFB07 /* Info Center for League of LegendsTests */,
				174C95341D106CCE00EBFB07 /* Info Center for League of LegendsUITests */,
			);
		};
/* End PBXProject section */

/* Begin PBXResourcesBuildPhase section */
		174C95121D106CCC00EBFB07 /* Resources */ = {
			isa = PBXResourcesBuildPhase;
			buildActionMask = 2147483647;
			files = (
				174C95241D106CCE00EBFB07 /* LaunchScreen.storyboard in Resources */,
				174C95211D106CCE00EBFB07 /* Assets.xcassets in Resources */,
				174C951F1D106CCD00EBFB07 /* Main.storyboard in Resources */,
			);
			runOnlyForDeploymentPostprocessing = 0;
		};
		174C95281D106CCE00EBFB07 /* Resources */ = {
			isa = PBXResourcesBuildPhase;
			buildActionMask = 2147483647;
			files = (
			);
			runOnlyForDeploymentPostprocessing = 0;
		};
		174C95331D106CCE00EBFB07 /* Resources */ = {
			isa = PBXResourcesBuildPhase;
			buildActionMask = 2147483647;
			files = (
			);
			runOnlyForDeploymentPostprocessing = 0;
		};
/* End PBXResourcesBuildPhase section */

/* Begin PBXShellScriptBuildPhase section */
		17A5686FE59E71CD95A7A322 /* [CP] Embed Pods Frameworks */ = {
			isa = PBXShellScriptBuildPhase;
			buildActionMask = 2147483647;
			files = (
			);
			inputPaths = (
			);
			name = "[CP] Embed Pods Frameworks";
			outputPaths = (
			);
			runOnlyForDeploymentPostprocessing = 0;
			shellPath = /bin/sh;
			shellScript = "\"${SRCROOT}/Pods/Target Support Files/Pods-Info Center for League of Legends/Pods-Info Center for League of Legends-frameworks.sh\"\n";
			showEnvVarsInLog = 0;
		};
		B869A32C4A8AF6D394BD24F7 /* [CP] Check Pods Manifest.lock */ = {
			isa = PBXShellScriptBuildPhase;
			buildActionMask = 2147483647;
			files = (
			);
			inputPaths = (
			);
			name = "[CP] Check Pods Manifest.lock";
			outputPaths = (
			);
			runOnlyForDeploymentPostprocessing = 0;
			shellPath = /bin/sh;
			shellScript = "diff \"${PODS_ROOT}/../Podfile.lock\" \"${PODS_ROOT}/Manifest.lock\" > /dev/null\nif [[ $? != 0 ]] ; then\n    cat << EOM\nerror: The sandbox is not in sync with the Podfile.lock. Run 'pod install' or update your CocoaPods installation.\nEOM\n    exit 1\nfi\n";
			showEnvVarsInLog = 0;
		};
		F351271F06740BFD378CBCFE /* [CP] Copy Pods Resources */ = {
			isa = PBXShellScriptBuildPhase;
			buildActionMask = 2147483647;
			files = (
			);
			inputPaths = (
			);
			name = "[CP] Copy Pods Resources";
			outputPaths = (
			);
			runOnlyForDeploymentPostprocessing = 0;
			shellPath = /bin/sh;
			shellScript = "\"${SRCROOT}/Pods/Target Support Files/Pods-Info Center for League of Legends/Pods-Info Center for League of Legends-resources.sh\"\n";
			showEnvVarsInLog = 0;
		};
/* End PBXShellScriptBuildPhase section */

/* Begin PBXSourcesBuildPhase section */
		174C95101D106CCC00EBFB07 /* Sources */ = {
			isa = PBXSourcesBuildPhase;
			buildActionMask = 2147483647;
			files = (
				174C95181D106CCD00EBFB07 /* AppDelegate.swift in Sources */,
			);
			runOnlyForDeploymentPostprocessing = 0;
		};
		174C95261D106CCE00EBFB07 /* Sources */ = {
			isa = PBXSourcesBuildPhase;
			buildActionMask = 2147483647;
			files = (
				174C952F1D106CCE00EBFB07 /* Info_Center_for_League_of_LegendsTests.swift in Sources */,
			);
			runOnlyForDeploymentPostprocessing = 0;
		};
		174C95311D106CCE00EBFB07 /* Sources */ = {
			isa = PBXSourcesBuildPhase;
			buildActionMask = 2147483647;
			files = (
				174C953A1D106CCE00EBFB07 /* Info_Center_for_League_of_LegendsUITests.swift in Sources */,
			);
			runOnlyForDeploymentPostprocessing = 0;
		};
/* End PBXSourcesBuildPhase section */

/* Begin PBXTargetDependency section */
		174C952C1D106CCE00EBFB07 /* PBXTargetDependency */ = {
			isa = PBXTargetDependency;
			target = 174C95131D106CCC00EBFB07 /* Info Center for League of Legends */;
			targetProxy = 174C952B1D106CCE00EBFB07 /* PBXContainerItemProxy */;
		};
		174C95371D106CCE00EBFB07 /* PBXTargetDependency */ = {
			isa = PBXTargetDependency;
			target = 174C95131D106CCC00EBFB07 /* Info Center for League of Legends */;
			targetProxy = 174C95361D106CCE00EBFB07 /* PBXContainerItemProxy */;
		};
/* End PBXTargetDependency section */

/* Begin PBXVariantGroup section */
		174C951D1D106CCD00EBFB07 /* Main.storyboard */ = {
			isa = PBXVariantGroup;
			children = (
				174C951E1D106CCD00EBFB07 /* Base */,
			);
			name = Main.storyboard;
			sourceTree = "<group>";
		};
		174C95221D106CCE00EBFB07 /* LaunchScreen.storyboard */ = {
			isa = PBXVariantGroup;
			children = (
				174C95231D106CCE00EBFB07 /* Base */,
			);
			name = LaunchScreen.storyboard;
			sourceTree = "<group>";
		};
/* End PBXVariantGroup section */

/* Begin XCBuildConfiguration section */
		174C953C1D106CCE00EBFB07 /* Debug */ = {
			isa = XCBuildConfiguration;
			buildSettings = {
				ALWAYS_SEARCH_USER_PATHS = NO;
				CLANG_ANALYZER_NONNULL = YES;
				CLANG_CXX_LANGUAGE_STANDARD = "gnu++0x";
				CLANG_CXX_LIBRARY = "libc++";
				CLANG_ENABLE_MODULES = YES;
				CLANG_ENABLE_OBJC_ARC = YES;
				CLANG_WARN_BOOL_CONVERSION = YES;
				CLANG_WARN_CONSTANT_CONVERSION = YES;
				CLANG_WARN_DIRECT_OBJC_ISA_USAGE = YES_ERROR;
				CLANG_WARN_DOCUMENTATION_COMMENTS = YES;
				CLANG_WARN_EMPTY_BODY = YES;
				CLANG_WARN_ENUM_CONVERSION = YES;
				CLANG_WARN_INT_CONVERSION = YES;
				CLANG_WARN_OBJC_ROOT_CLASS = YES_ERROR;
				CLANG_WARN_UNREACHABLE_CODE = YES;
				CLANG_WARN__DUPLICATE_METHOD_MATCH = YES;
				"CODE_SIGN_IDENTITY[sdk=iphoneos*]" = "iPhone Developer";
				COPY_PHASE_STRIP = NO;
				DEBUG_INFORMATION_FORMAT = dwarf;
				ENABLE_STRICT_OBJC_MSGSEND = YES;
				ENABLE_TESTABILITY = YES;
				GCC_C_LANGUAGE_STANDARD = gnu99;
				GCC_DYNAMIC_NO_PIC = NO;
				GCC_NO_COMMON_BLOCKS = YES;
				GCC_OPTIMIZATION_LEVEL = 0;
				GCC_PREPROCESSOR_DEFINITIONS = (
					"DEBUG=1",
					"$(inherited)",
				);
				GCC_WARN_64_TO_32_BIT_CONVERSION = YES;
				GCC_WARN_ABOUT_RETURN_TYPE = YES_ERROR;
				GCC_WARN_UNDECLARED_SELECTOR = YES;
				GCC_WARN_UNINITIALIZED_AUTOS = YES_AGGRESSIVE;
				GCC_WARN_UNUSED_FUNCTION = YES;
				GCC_WARN_UNUSED_VARIABLE = YES;
				IPHONEOS_DEPLOYMENT_TARGET = 10.0;
				MTL_ENABLE_DEBUG_INFO = YES;
				ONLY_ACTIVE_ARCH = YES;
				SDKROOT = iphoneos;
				SWIFT_ACTIVE_COMPILATION_CONDITIONS = DEBUG;
				SWIFT_OPTIMIZATION_LEVEL = "-Onone";
				TARGETED_DEVICE_FAMILY = "1,2";
			};
			name = Debug;
		};
		174C953D1D106CCE00EBFB07 /* Release */ = {
			isa = XCBuildConfiguration;
			buildSettings = {
				ALWAYS_SEARCH_USER_PATHS = NO;
				CLANG_ANALYZER_NONNULL = YES;
				CLANG_CXX_LANGUAGE_STANDARD = "gnu++0x";
				CLANG_CXX_LIBRARY = "libc++";
				CLANG_ENABLE_MODULES = YES;
				CLANG_ENABLE_OBJC_ARC = YES;
				CLANG_WARN_BOOL_CONVERSION = YES;
				CLANG_WARN_CONSTANT_CONVERSION = YES;
				CLANG_WARN_DIRECT_OBJC_ISA_USAGE = YES_ERROR;
				CLANG_WARN_DOCUMENTATION_COMMENTS = YES;
				CLANG_WARN_EMPTY_BODY = YES;
				CLANG_WARN_ENUM_CONVERSION = YES;
				CLANG_WARN_INT_CONVERSION = YES;
				CLANG_WARN_OBJC_ROOT_CLASS = YES_ERROR;
				CLANG_WARN_UNREACHABLE_CODE = YES;
				CLANG_WARN__DUPLICATE_METHOD_MATCH = YES;
				"CODE_SIGN_IDENTITY[sdk=iphoneos*]" = "iPhone Developer";
				COPY_PHASE_STRIP = NO;
				DEBUG_INFORMATION_FORMAT = "dwarf-with-dsym";
				ENABLE_NS_ASSERTIONS = NO;
				ENABLE_STRICT_OBJC_MSGSEND = YES;
				GCC_C_LANGUAGE_STANDARD = gnu99;
				GCC_NO_COMMON_BLOCKS = YES;
				GCC_WARN_64_TO_32_BIT_CONVERSION = YES;
				GCC_WARN_ABOUT_RETURN_TYPE = YES_ERROR;
				GCC_WARN_UNDECLARED_SELECTOR = YES;
				GCC_WARN_UNINITIALIZED_AUTOS = YES_AGGRESSIVE;
				GCC_WARN_UNUSED_FUNCTION = YES;
				GCC_WARN_UNUSED_VARIABLE = YES;
				IPHONEOS_DEPLOYMENT_TARGET = 10.0;
				MTL_ENABLE_DEBUG_INFO = NO;
				SDKROOT = iphoneos;
				SWIFT_OPTIMIZATION_LEVEL = "-Owholemodule";
				TARGETED_DEVICE_FAMILY = "1,2";
				VALIDATE_PRODUCT = YES;
			};
			name = Release;
		};
		174C953F1D106CCE00EBFB07 /* Debug */ = {
			isa = XCBuildConfiguration;
			baseConfigurationReference = EABF361D88F86AB1565D7B3D /* Pods-Info Center for League of Legends.debug.xcconfig */;
			buildSettings = {
				ASSETCATALOG_COMPILER_APPICON_NAME = AppIcon;
				CODE_SIGN_ENTITLEMENTS = "Info Center for League of Legends/Info Center for League of Legends.entitlements";
				"CODE_SIGN_IDENTITY[sdk=iphoneos*]" = "iPhone Developer";
				INFOPLIST_FILE = "Info Center for League of Legends/Info.plist";
				LD_RUNPATH_SEARCH_PATHS = "$(inherited) @executable_path/Frameworks";
				PRODUCT_BUNDLE_IDENTIFIER = "com.Tech-Genius.League-of-Legends-Center";
				PRODUCT_NAME = "$(TARGET_NAME)";
				PROVISIONING_PROFILE = "3b01aaca-83cb-42bc-bbd4-289ce792febc";
				PROVISIONING_PROFILE_SPECIFIER = "84PD2967AA/IC: LoL Dev";
				SWIFT_VERSION = 3.0;
			};
			name = Debug;
		};
		174C95401D106CCE00EBFB07 /* Release */ = {
			isa = XCBuildConfiguration;
			baseConfigurationReference = 920A493D3B84AECB3D66BDD5 /* Pods-Info Center for League of Legends.release.xcconfig */;
			buildSettings = {
				ASSETCATALOG_COMPILER_APPICON_NAME = AppIcon;
				CODE_SIGN_ENTITLEMENTS = "Info Center for League of Legends/Info Center for League of Legends.entitlements";
				"CODE_SIGN_IDENTITY[sdk=iphoneos*]" = "iPhone Distribution";
				INFOPLIST_FILE = "Info Center for League of Legends/Info.plist";
				LD_RUNPATH_SEARCH_PATHS = "$(inherited) @executable_path/Frameworks";
				PRODUCT_BUNDLE_IDENTIFIER = "com.Tech-Genius.League-of-Legends-Center";
				PRODUCT_NAME = "$(TARGET_NAME)";
				PROVISIONING_PROFILE = "a9c12f8d-8b98-4646-9ea2-622805936e26";
				PROVISIONING_PROFILE_SPECIFIER = "84PD2967AA/IC: LoL Prod";
				SWIFT_VERSION = 3.0;
			};
			name = Release;
		};
		174C95421D106CCE00EBFB07 /* Debug */ = {
			isa = XCBuildConfiguration;
			buildSettings = {
				BUNDLE_LOADER = "$(TEST_HOST)";
				INFOPLIST_FILE = "Info Center for League of LegendsTests/Info.plist";
				LD_RUNPATH_SEARCH_PATHS = "$(inherited) @executable_path/Frameworks @loader_path/Frameworks";
				PRODUCT_BUNDLE_IDENTIFIER = "com.Tech-Genius.League-of-Legends-Center";
				PRODUCT_NAME = "$(TARGET_NAME)";
				SWIFT_VERSION = 3.0;
				TEST_HOST = "$(BUILT_PRODUCTS_DIR)/Info Center for League of Legends.app/Info Center for League of Legends";
			};
			name = Debug;
		};
		174C95431D106CCE00EBFB07 /* Release */ = {
			isa = XCBuildConfiguration;
			buildSettings = {
				BUNDLE_LOADER = "$(TEST_HOST)";
				INFOPLIST_FILE = "Info Center for League of LegendsTests/Info.plist";
				LD_RUNPATH_SEARCH_PATHS = "$(inherited) @executable_path/Frameworks @loader_path/Frameworks";
				PRODUCT_BUNDLE_IDENTIFIER = "com.Tech-Genius.League-of-Legends-Center";
				PRODUCT_NAME = "$(TARGET_NAME)";
				SWIFT_VERSION = 3.0;
				TEST_HOST = "$(BUILT_PRODUCTS_DIR)/Info Center for League of Legends.app/Info Center for League of Legends";
			};
			name = Release;
		};
		174C95451D106CCE00EBFB07 /* Debug */ = {
			isa = XCBuildConfiguration;
			buildSettings = {
				INFOPLIST_FILE = "Info Center for League of LegendsUITests/Info.plist";
				LD_RUNPATH_SEARCH_PATHS = "$(inherited) @executable_path/Frameworks @loader_path/Frameworks";
				PRODUCT_BUNDLE_IDENTIFIER = "com.Tech-Genius.League-of-Legends-Center";
				PRODUCT_NAME = "$(TARGET_NAME)";
				SWIFT_VERSION = 3.0;
				TEST_TARGET_NAME = "Info Center for League of Legends";
			};
			name = Debug;
		};
		174C95461D106CCE00EBFB07 /* Release */ = {
			isa = XCBuildConfiguration;
			buildSettings = {
				INFOPLIST_FILE = "Info Center for League of LegendsUITests/Info.plist";
				LD_RUNPATH_SEARCH_PATHS = "$(inherited) @executable_path/Frameworks @loader_path/Frameworks";
				PRODUCT_BUNDLE_IDENTIFIER = "com.Tech-Genius.League-of-Legends-Center";
				PRODUCT_NAME = "$(TARGET_NAME)";
				SWIFT_VERSION = 3.0;
				TEST_TARGET_NAME = "Info Center for League of Legends";
			};
			name = Release;
		};
/* End XCBuildConfiguration section */

/* Begin XCConfigurationList section */
		174C950F1D106CCC00EBFB07 /* Build configuration list for PBXProject "Info Center for League of Legends" */ = {
			isa = XCConfigurationList;
			buildConfigurations = (
				174C953C1D106CCE00EBFB07 /* Debug */,
				174C953D1D106CCE00EBFB07 /* Release */,
			);
			defaultConfigurationIsVisible = 0;
			defaultConfigurationName = Release;
		};
		174C953E1D106CCE00EBFB07 /* Build configuration list for PBXNativeTarget "Info Center for League of Legends" */ = {
			isa = XCConfigurationList;
			buildConfigurations = (
				174C953F1D106CCE00EBFB07 /* Debug */,
				174C95401D106CCE00EBFB07 /* Release */,
			);
			defaultConfigurationIsVisible = 0;
			defaultConfigurationName = Release;
		};
		174C95411D106CCE00EBFB07 /* Build configuration list for PBXNativeTarget "Info Center for League of LegendsTests" */ = {
			isa = XCConfigurationList;
			buildConfigurations = (
				174C95421D106CCE00EBFB07 /* Debug */,
				174C95431D106CCE00EBFB07 /* Release */,
			);
			defaultConfigurationIsVisible = 0;
			defaultConfigurationName = Release;
		};
		174C95441D106CCE00EBFB07 /* Build configuration list for PBXNativeTarget "Info Center for League of LegendsUITests" */ = {
			isa = XCConfigurationList;
			buildConfigurations = (
				174C95451D106CCE00EBFB07 /* Debug */,
				174C95461D106CCE00EBFB07 /* Release */,
			);
			defaultConfigurationIsVisible = 0;
			defaultConfigurationName = Release;
		};
/* End XCConfigurationList section */
	};
	rootObject = 174C950C1D106CCC00EBFB07 /* Project object */;
}
