<?xml version="1.0" encoding="UTF-8"?>
<!DOCTYPE plist PUBLIC "-//Apple//DTD PLIST 1.0//EN" "http://www.apple.com/DTDs/PropertyList-1.0.dtd">
<plist version="1.0">
<dict>
	<key>archiveVersion</key>
	<string>1</string>
	<key>classes</key>
	<dict/>
	<key>objectVersion</key>
	<string>46</string>
	<key>objects</key>
	<dict>
		<key>172101C31D1EDB310088DB1A</key>
		<dict>
			<key>fileEncoding</key>
			<string>4</string>
			<key>isa</key>
			<string>PBXFileReference</string>
			<key>lastKnownFileType</key>
			<string>sourcecode.swift</string>
			<key>name</key>
			<string>ProfileView.swift</string>
			<key>path</key>
			<string>Profile/ProfileView.swift</string>
			<key>sourceTree</key>
			<string>&lt;group&gt;</string>
		</dict>
		<key>172101C41D1EDB310088DB1A</key>
		<dict>
			<key>fileRef</key>
			<string>172101C31D1EDB310088DB1A</string>
			<key>isa</key>
			<string>PBXBuildFile</string>
		</dict>
		<key>172101C51D1EDB340088DB1A</key>
		<dict>
			<key>children</key>
			<array>
				<string>172101C61D1EDB9D0088DB1A</string>
				<string>1765108F1D231D5300A076BA</string>
				<string>172101C81D1EDBDB0088DB1A</string>
				<string>172101C91D1EDBDB0088DB1A</string>
				<string>172101CC1D1EDC2C0088DB1A</string>
				<string>172101CD1D1EDC2C0088DB1A</string>
				<string>172101CE1D1EDC2C0088DB1A</string>
			</array>
			<key>isa</key>
			<string>PBXGroup</string>
			<key>name</key>
			<string>ProfileView Cells</string>
			<key>sourceTree</key>
			<string>&lt;group&gt;</string>
		</dict>
		<key>172101C61D1EDB9D0088DB1A</key>
		<dict>
			<key>fileEncoding</key>
			<string>4</string>
			<key>isa</key>
			<string>PBXFileReference</string>
			<key>lastKnownFileType</key>
			<string>sourcecode.swift</string>
			<key>name</key>
			<string>ProfileView_Header.swift</string>
			<key>path</key>
			<string>Profile/ProfileView Cells/ProfileView_Header.swift</string>
			<key>sourceTree</key>
			<string>&lt;group&gt;</string>
		</dict>
		<key>172101C71D1EDB9D0088DB1A</key>
		<dict>
			<key>fileRef</key>
			<string>172101C61D1EDB9D0088DB1A</string>
			<key>isa</key>
			<string>PBXBuildFile</string>
		</dict>
		<key>172101C81D1EDBDB0088DB1A</key>
		<dict>
			<key>fileEncoding</key>
			<string>4</string>
			<key>isa</key>
			<string>PBXFileReference</string>
			<key>lastKnownFileType</key>
			<string>sourcecode.swift</string>
			<key>name</key>
			<string>ProfileView_ChampMastery.swift</string>
			<key>path</key>
			<string>Profile/ProfileView Cells/ProfileView_ChampMastery.swift</string>
			<key>sourceTree</key>
			<string>&lt;group&gt;</string>
		</dict>
		<key>172101C91D1EDBDB0088DB1A</key>
		<dict>
			<key>fileEncoding</key>
			<string>4</string>
			<key>isa</key>
			<string>PBXFileReference</string>
			<key>lastKnownFileType</key>
			<string>sourcecode.swift</string>
			<key>name</key>
			<string>ProfileView_RecentGames.swift</string>
			<key>path</key>
			<string>Profile/ProfileView Cells/ProfileView_RecentGames.swift</string>
			<key>sourceTree</key>
			<string>&lt;group&gt;</string>
		</dict>
		<key>172101CA1D1EDBDB0088DB1A</key>
		<dict>
			<key>fileRef</key>
			<string>172101C81D1EDBDB0088DB1A</string>
			<key>isa</key>
			<string>PBXBuildFile</string>
		</dict>
		<key>172101CB1D1EDBDB0088DB1A</key>
		<dict>
			<key>fileRef</key>
			<string>172101C91D1EDBDB0088DB1A</string>
			<key>isa</key>
			<string>PBXBuildFile</string>
		</dict>
		<key>172101CC1D1EDC2C0088DB1A</key>
		<dict>
			<key>fileEncoding</key>
			<string>4</string>
			<key>isa</key>
			<string>PBXFileReference</string>
			<key>lastKnownFileType</key>
			<string>sourcecode.swift</string>
			<key>name</key>
			<string>ProfileView_Masteries.swift</string>
			<key>path</key>
			<string>Profile/ProfileView Cells/ProfileView_Masteries.swift</string>
			<key>sourceTree</key>
			<string>&lt;group&gt;</string>
		</dict>
		<key>172101CD1D1EDC2C0088DB1A</key>
		<dict>
			<key>fileEncoding</key>
			<string>4</string>
			<key>isa</key>
			<string>PBXFileReference</string>
			<key>lastKnownFileType</key>
			<string>sourcecode.swift</string>
			<key>name</key>
			<string>ProfileView_Runes.swift</string>
			<key>path</key>
			<string>Profile/ProfileView Cells/ProfileView_Runes.swift</string>
			<key>sourceTree</key>
			<string>&lt;group&gt;</string>
		</dict>
		<key>172101CE1D1EDC2C0088DB1A</key>
		<dict>
			<key>fileEncoding</key>
			<string>4</string>
			<key>isa</key>
			<string>PBXFileReference</string>
			<key>lastKnownFileType</key>
			<string>sourcecode.swift</string>
			<key>name</key>
			<string>ProfileView_Teams.swift</string>
			<key>path</key>
			<string>Profile/ProfileView Cells/ProfileView_Teams.swift</string>
			<key>sourceTree</key>
			<string>&lt;group&gt;</string>
		</dict>
		<key>172101CF1D1EDC2C0088DB1A</key>
		<dict>
			<key>fileRef</key>
			<string>172101CC1D1EDC2C0088DB1A</string>
			<key>isa</key>
			<string>PBXBuildFile</string>
		</dict>
		<key>172101D01D1EDC2C0088DB1A</key>
		<dict>
			<key>fileRef</key>
			<string>172101CD1D1EDC2C0088DB1A</string>
			<key>isa</key>
			<string>PBXBuildFile</string>
		</dict>
		<key>172101D11D1EDC2C0088DB1A</key>
		<dict>
			<key>fileRef</key>
			<string>172101CE1D1EDC2C0088DB1A</string>
			<key>isa</key>
			<string>PBXBuildFile</string>
		</dict>
		<key>172101D21D1EDC880088DB1A</key>
		<dict>
			<key>fileEncoding</key>
			<string>4</string>
			<key>isa</key>
			<string>PBXFileReference</string>
			<key>lastKnownFileType</key>
			<string>sourcecode.swift</string>
			<key>name</key>
			<string>MainCollectionViewController.swift</string>
			<key>path</key>
			<string>Subclasses/MainCollectionViewController.swift</string>
			<key>sourceTree</key>
			<string>&lt;group&gt;</string>
		</dict>
		<key>172101D31D1EDC880088DB1A</key>
		<dict>
			<key>fileRef</key>
			<string>172101D21D1EDC880088DB1A</string>
			<key>isa</key>
			<string>PBXBuildFile</string>
		</dict>
		<key>172101D41D1F1A840088DB1A</key>
		<dict>
			<key>isa</key>
			<string>PBXFileReference</string>
			<key>lastKnownFileType</key>
			<string>wrapper.plug-in</string>
			<key>path</key>
			<string>Settings.bundle</string>
			<key>sourceTree</key>
			<string>&lt;group&gt;</string>
		</dict>
		<key>172101D51D1F1A840088DB1A</key>
		<dict>
			<key>fileRef</key>
			<string>172101D41D1F1A840088DB1A</string>
			<key>isa</key>
			<string>PBXBuildFile</string>
		</dict>
		<key>172101D61D1F26A00088DB1A</key>
		<dict>
			<key>fileEncoding</key>
			<string>4</string>
			<key>isa</key>
			<string>PBXFileReference</string>
			<key>lastKnownFileType</key>
			<string>sourcecode.swift</string>
			<key>name</key>
			<string>DDragon.swift</string>
			<key>path</key>
			<string>Riot API/DDragon.swift</string>
			<key>sourceTree</key>
			<string>&lt;group&gt;</string>
		</dict>
		<key>172101D71D1F26A00088DB1A</key>
		<dict>
			<key>fileRef</key>
			<string>172101D61D1F26A00088DB1A</string>
			<key>isa</key>
			<string>PBXBuildFile</string>
		</dict>
		<key>1739C48E1D1C281400B50BDC</key>
		<dict>
			<key>fileEncoding</key>
			<string>4</string>
			<key>isa</key>
			<string>PBXFileReference</string>
			<key>lastKnownFileType</key>
			<string>sourcecode.swift</string>
			<key>name</key>
			<string>PlistManager.swift</string>
			<key>path</key>
			<string>Subclasses/PlistManager.swift</string>
			<key>sourceTree</key>
			<string>&lt;group&gt;</string>
		</dict>
		<key>1739C48F1D1C281400B50BDC</key>
		<dict>
			<key>fileRef</key>
			<string>1739C48E1D1C281400B50BDC</string>
			<key>isa</key>
			<string>PBXBuildFile</string>
		</dict>
		<key>1739C4901D1C383A00B50BDC</key>
		<dict>
			<key>children</key>
			<array>
				<string>176D5B951D1C42A2000D9D85</string>
				<string>172101D61D1F26A00088DB1A</string>
				<string>1739C4911D1C3A3800B50BDC</string>
				<string>176D5B941D1C3D98000D9D85</string>
			</array>
			<key>isa</key>
			<string>PBXGroup</string>
			<key>name</key>
			<string>Riot API</string>
			<key>sourceTree</key>
			<string>&lt;group&gt;</string>
		</dict>
		<key>1739C4911D1C3A3800B50BDC</key>
		<dict>
			<key>fileEncoding</key>
			<string>4</string>
			<key>isa</key>
			<string>PBXFileReference</string>
			<key>lastKnownFileType</key>
			<string>sourcecode.swift</string>
			<key>name</key>
			<string>SummonerEndpoint.swift</string>
			<key>path</key>
			<string>Riot API/SummonerEndpoint.swift</string>
			<key>sourceTree</key>
			<string>&lt;group&gt;</string>
		</dict>
		<key>1739C4921D1C3A3800B50BDC</key>
		<dict>
			<key>fileRef</key>
			<string>1739C4911D1C3A3800B50BDC</string>
			<key>isa</key>
			<string>PBXBuildFile</string>
		</dict>
		<key>174C950B1D106CCC00EBFB07</key>
		<dict>
			<key>children</key>
			<array>
				<string>174C95161D106CCD00EBFB07</string>
				<string>174C952D1D106CCE00EBFB07</string>
				<string>174C95381D106CCE00EBFB07</string>
				<string>174C95151D106CCD00EBFB07</string>
				<string>63A748F66287514342697000</string>
				<string>21035380F080A49DE06B128A</string>
			</array>
			<key>isa</key>
			<string>PBXGroup</string>
			<key>sourceTree</key>
			<string>&lt;group&gt;</string>
		</dict>
		<key>174C950C1D106CCC00EBFB07</key>
		<dict>
			<key>attributes</key>
			<dict>
				<key>LastSwiftUpdateCheck</key>
				<string>0800</string>
				<key>LastUpgradeCheck</key>
				<string>0800</string>
				<key>ORGANIZATIONNAME</key>
				<string>Tech Genius</string>
				<key>TargetAttributes</key>
				<dict>
					<key>174C95131D106CCC00EBFB07</key>
					<dict>
						<key>CreatedOnToolsVersion</key>
						<string>8.0</string>
						<key>DevelopmentTeam</key>
						<string>84PD2967AA</string>
						<key>DevelopmentTeamName</key>
						<string>Eugenia Ilisei</string>
						<key>ProvisioningStyle</key>
						<string>Manual</string>
						<key>SystemCapabilities</key>
						<dict>
							<key>com.apple.Push</key>
							<dict>
								<key>enabled</key>
								<string>1</string>
							</dict>
						</dict>
					</dict>
					<key>174C95291D106CCE00EBFB07</key>
					<dict>
						<key>CreatedOnToolsVersion</key>
						<string>8.0</string>
						<key>DevelopmentTeam</key>
						<string>84PD2967AA</string>
						<key>DevelopmentTeamName</key>
						<string>Eugenia Ilisei</string>
						<key>ProvisioningStyle</key>
						<string>Manual</string>
						<key>TestTargetID</key>
						<string>174C95131D106CCC00EBFB07</string>
					</dict>
					<key>174C95341D106CCE00EBFB07</key>
					<dict>
						<key>CreatedOnToolsVersion</key>
						<string>8.0</string>
						<key>DevelopmentTeam</key>
						<string>84PD2967AA</string>
						<key>DevelopmentTeamName</key>
						<string>Eugenia Ilisei</string>
						<key>ProvisioningStyle</key>
						<string>Automatic</string>
						<key>TestTargetID</key>
						<string>174C95131D106CCC00EBFB07</string>
					</dict>
				</dict>
			</dict>
			<key>buildConfigurationList</key>
			<string>174C950F1D106CCC00EBFB07</string>
			<key>compatibilityVersion</key>
			<string>Xcode 3.2</string>
			<key>developmentRegion</key>
			<string>English</string>
			<key>hasScannedForEncodings</key>
			<string>0</string>
			<key>isa</key>
			<string>PBXProject</string>
			<key>knownRegions</key>
			<array>
				<string>en</string>
				<string>Base</string>
			</array>
			<key>mainGroup</key>
			<string>174C950B1D106CCC00EBFB07</string>
			<key>productRefGroup</key>
			<string>174C95151D106CCD00EBFB07</string>
			<key>projectDirPath</key>
			<string></string>
			<key>projectReferences</key>
			<array/>
			<key>projectRoot</key>
			<string></string>
			<key>targets</key>
			<array>
				<string>174C95131D106CCC00EBFB07</string>
				<string>174C95291D106CCE00EBFB07</string>
				<string>174C95341D106CCE00EBFB07</string>
			</array>
		</dict>
		<key>174C950F1D106CCC00EBFB07</key>
		<dict>
			<key>buildConfigurations</key>
			<array>
				<string>174C953C1D106CCE00EBFB07</string>
				<string>174C953D1D106CCE00EBFB07</string>
			</array>
			<key>defaultConfigurationIsVisible</key>
			<string>0</string>
			<key>defaultConfigurationName</key>
			<string>Release</string>
			<key>isa</key>
			<string>XCConfigurationList</string>
		</dict>
		<key>174C95101D106CCC00EBFB07</key>
		<dict>
			<key>buildActionMask</key>
			<string>2147483647</string>
			<key>files</key>
			<array>
				<string>1739C4921D1C3A3800B50BDC</string>
				<string>172101D31D1EDC880088DB1A</string>
				<string>172101CB1D1EDBDB0088DB1A</string>
				<string>176510911D231DBE00A076BA</string>
				<string>172101D01D1EDC2C0088DB1A</string>
				<string>172101C71D1EDB9D0088DB1A</string>
				<string>172101D71D1F26A00088DB1A</string>
				<string>172101C41D1EDB310088DB1A</string>
				<string>176D5B981D1C478F000D9D85</string>
				<string>1739C48F1D1C281400B50BDC</string>
				<string>17EDBB301D10EEEF00C7B7C5</string>
				<string>172101D11D1EDC2C0088DB1A</string>
				<string>176D5B961D1C42A2000D9D85</string>
				<string>174C95181D106CCD00EBFB07</string>
				<string>172101CA1D1EDBDB0088DB1A</string>
				<string>17EDBB381D10F68D00C7B7C5</string>
				<string>17EDBB331D10EFAC00C7B7C5</string>
				<string>172101CF1D1EDC2C0088DB1A</string>
			</array>
			<key>isa</key>
			<string>PBXSourcesBuildPhase</string>
			<key>runOnlyForDeploymentPostprocessing</key>
			<string>0</string>
		</dict>
		<key>174C95111D106CCC00EBFB07</key>
		<dict>
			<key>buildActionMask</key>
			<string>2147483647</string>
			<key>files</key>
			<array>
				<string>1765108E1D23101800A076BA</string>
				<string>9BDD3013E0ED7A4DAF224558</string>
			</array>
			<key>isa</key>
			<string>PBXFrameworksBuildPhase</string>
			<key>runOnlyForDeploymentPostprocessing</key>
			<string>0</string>
		</dict>
		<key>174C95121D106CCC00EBFB07</key>
		<dict>
			<key>buildActionMask</key>
			<string>2147483647</string>
			<key>files</key>
			<array>
				<string>17D14E1A1D10D947007F6938</string>
				<string>17D14E161D10D3A8007F6938</string>
				<string>172101D51D1F1A840088DB1A</string>
				<string>17EDBB361D10F12E00C7B7C5</string>
				<string>17D14E151D10D3A8007F6938</string>
				<string>17D14E181D10D928007F6938</string>
				<string>17D14E141D10D3A8007F6938</string>
				<string>174C95241D106CCE00EBFB07</string>
				<string>17D14E101D10D373007F6938</string>
				<string>174C951F1D106CCD00EBFB07</string>
			</array>
			<key>isa</key>
			<string>PBXResourcesBuildPhase</string>
			<key>runOnlyForDeploymentPostprocessing</key>
			<string>0</string>
		</dict>
		<key>174C95131D106CCC00EBFB07</key>
		<dict>
			<key>buildConfigurationList</key>
			<string>174C953E1D106CCE00EBFB07</string>
			<key>buildPhases</key>
			<array>
				<string>3DF85D96FCA0C734942FE9C3</string>
				<string>B869A32C4A8AF6D394BD24F7</string>
				<string>174C95101D106CCC00EBFB07</string>
				<string>174C95111D106CCC00EBFB07</string>
				<string>174C95121D106CCC00EBFB07</string>
				<string>17A5686FE59E71CD95A7A322</string>
				<string>F351271F06740BFD378CBCFE</string>
				<string>A96665C66C12F8B23E201544</string>
				<string>E85207ED8490CF6C0708BE8B</string>
			</array>
			<key>buildRules</key>
			<array/>
			<key>dependencies</key>
			<array/>
			<key>isa</key>
			<string>PBXNativeTarget</string>
			<key>name</key>
			<string>Info Center for League of Legends</string>
			<key>productName</key>
			<string>Info Center for League of Legends</string>
			<key>productReference</key>
			<string>174C95141D106CCD00EBFB07</string>
			<key>productType</key>
			<string>com.apple.product-type.application</string>
		</dict>
		<key>174C95141D106CCD00EBFB07</key>
		<dict>
			<key>explicitFileType</key>
			<string>wrapper.application</string>
			<key>includeInIndex</key>
			<string>0</string>
			<key>isa</key>
			<string>PBXFileReference</string>
			<key>path</key>
			<string>Info Center for League of Legends.app</string>
			<key>sourceTree</key>
			<string>BUILT_PRODUCTS_DIR</string>
		</dict>
		<key>174C95151D106CCD00EBFB07</key>
		<dict>
			<key>children</key>
			<array>
				<string>174C95141D106CCD00EBFB07</string>
				<string>174C952A1D106CCE00EBFB07</string>
				<string>174C95351D106CCE00EBFB07</string>
			</array>
			<key>isa</key>
			<string>PBXGroup</string>
			<key>name</key>
			<string>Products</string>
			<key>sourceTree</key>
			<string>&lt;group&gt;</string>
		</dict>
		<key>174C95161D106CCD00EBFB07</key>
		<dict>
			<key>children</key>
			<array>
				<string>17D14E0E1D10D12A007F6938</string>
				<string>1739C4901D1C383A00B50BDC</string>
				<string>1770B79A1D13B8340096AA9B</string>
				<string>17EDBB311D10EEF200C7B7C5</string>
				<string>174C95171D106CCD00EBFB07</string>
				<string>17EDBB341D10EFAF00C7B7C5</string>
				<string>174C951D1D106CCD00EBFB07</string>
				<string>17D14E131D10D3A8007F6938</string>
				<string>17D14E121D10D3A8007F6938</string>
				<string>17D14E111D10D3A8007F6938</string>
				<string>17D14E0F1D10D373007F6938</string>
				<string>17D14E171D10D928007F6938</string>
				<string>17D14E191D10D947007F6938</string>
				<string>174C95221D106CCE00EBFB07</string>
				<string>174C95251D106CCE00EBFB07</string>
				<string>17EDBB351D10F12E00C7B7C5</string>
				<string>172101D41D1F1A840088DB1A</string>
			</array>
			<key>isa</key>
			<string>PBXGroup</string>
			<key>path</key>
			<string>Info Center for League of Legends</string>
			<key>sourceTree</key>
			<string>&lt;group&gt;</string>
		</dict>
		<key>174C95171D106CCD00EBFB07</key>
		<dict>
			<key>isa</key>
			<string>PBXFileReference</string>
			<key>lastKnownFileType</key>
			<string>sourcecode.swift</string>
			<key>path</key>
			<string>AppDelegate.swift</string>
			<key>sourceTree</key>
			<string>&lt;group&gt;</string>
		</dict>
		<key>174C95181D106CCD00EBFB07</key>
		<dict>
			<key>fileRef</key>
			<string>174C95171D106CCD00EBFB07</string>
			<key>isa</key>
			<string>PBXBuildFile</string>
		</dict>
		<key>174C951D1D106CCD00EBFB07</key>
		<dict>
			<key>children</key>
			<array>
				<string>174C951E1D106CCD00EBFB07</string>
			</array>
			<key>isa</key>
			<string>PBXVariantGroup</string>
			<key>name</key>
			<string>Main.storyboard</string>
			<key>sourceTree</key>
			<string>&lt;group&gt;</string>
		</dict>
		<key>174C951E1D106CCD00EBFB07</key>
		<dict>
			<key>isa</key>
			<string>PBXFileReference</string>
			<key>lastKnownFileType</key>
			<string>file.storyboard</string>
			<key>name</key>
			<string>Base</string>
			<key>path</key>
			<string>Base.lproj/Main.storyboard</string>
			<key>sourceTree</key>
			<string>&lt;group&gt;</string>
		</dict>
		<key>174C951F1D106CCD00EBFB07</key>
		<dict>
			<key>fileRef</key>
			<string>174C951D1D106CCD00EBFB07</string>
			<key>isa</key>
			<string>PBXBuildFile</string>
		</dict>
		<key>174C95221D106CCE00EBFB07</key>
		<dict>
			<key>children</key>
			<array>
				<string>174C95231D106CCE00EBFB07</string>
			</array>
			<key>isa</key>
			<string>PBXVariantGroup</string>
			<key>name</key>
			<string>LaunchScreen.storyboard</string>
			<key>sourceTree</key>
			<string>&lt;group&gt;</string>
		</dict>
		<key>174C95231D106CCE00EBFB07</key>
		<dict>
			<key>isa</key>
			<string>PBXFileReference</string>
			<key>lastKnownFileType</key>
			<string>file.storyboard</string>
			<key>name</key>
			<string>Base</string>
			<key>path</key>
			<string>Base.lproj/LaunchScreen.storyboard</string>
			<key>sourceTree</key>
			<string>&lt;group&gt;</string>
		</dict>
		<key>174C95241D106CCE00EBFB07</key>
		<dict>
			<key>fileRef</key>
			<string>174C95221D106CCE00EBFB07</string>
			<key>isa</key>
			<string>PBXBuildFile</string>
		</dict>
		<key>174C95251D106CCE00EBFB07</key>
		<dict>
			<key>isa</key>
			<string>PBXFileReference</string>
			<key>lastKnownFileType</key>
			<string>text.plist.xml</string>
			<key>path</key>
			<string>Info.plist</string>
			<key>sourceTree</key>
			<string>&lt;group&gt;</string>
		</dict>
		<key>174C95261D106CCE00EBFB07</key>
		<dict>
			<key>buildActionMask</key>
			<string>2147483647</string>
			<key>files</key>
			<array>
				<string>174C952F1D106CCE00EBFB07</string>
			</array>
			<key>isa</key>
			<string>PBXSourcesBuildPhase</string>
			<key>runOnlyForDeploymentPostprocessing</key>
			<string>0</string>
		</dict>
		<key>174C95271D106CCE00EBFB07</key>
		<dict>
			<key>buildActionMask</key>
			<string>2147483647</string>
			<key>files</key>
			<array>
				<string>B83C44B1689A115821B7804E</string>
			</array>
			<key>isa</key>
			<string>PBXFrameworksBuildPhase</string>
			<key>runOnlyForDeploymentPostprocessing</key>
			<string>0</string>
		</dict>
		<key>174C95281D106CCE00EBFB07</key>
		<dict>
			<key>buildActionMask</key>
			<string>2147483647</string>
			<key>files</key>
			<array/>
			<key>isa</key>
			<string>PBXResourcesBuildPhase</string>
			<key>runOnlyForDeploymentPostprocessing</key>
			<string>0</string>
		</dict>
		<key>174C95291D106CCE00EBFB07</key>
		<dict>
			<key>buildConfigurationList</key>
			<string>174C95411D106CCE00EBFB07</string>
			<key>buildPhases</key>
			<array>
				<string>D4069ED77D0213EC88101EF4</string>
				<string>A47F3D0328D73092B943D826</string>
				<string>174C95261D106CCE00EBFB07</string>
				<string>174C95271D106CCE00EBFB07</string>
				<string>174C95281D106CCE00EBFB07</string>
				<string>F72AAA6B6FBDD3A7A426EE13</string>
				<string>603F0D1A9DFBD77C13E4FE13</string>
				<string>624D9763CB769C0160FCF9D4</string>
				<string>257CF2CA29B38C6F6202AB65</string>
			</array>
			<key>buildRules</key>
			<array/>
			<key>dependencies</key>
			<array>
				<string>174C952C1D106CCE00EBFB07</string>
			</array>
			<key>isa</key>
			<string>PBXNativeTarget</string>
			<key>name</key>
			<string>Info Center for League of LegendsTests</string>
			<key>productName</key>
			<string>Info Center for League of LegendsTests</string>
			<key>productReference</key>
			<string>174C952A1D106CCE00EBFB07</string>
			<key>productType</key>
			<string>com.apple.product-type.bundle.unit-test</string>
		</dict>
		<key>174C952A1D106CCE00EBFB07</key>
		<dict>
			<key>explicitFileType</key>
			<string>wrapper.cfbundle</string>
			<key>includeInIndex</key>
			<string>0</string>
			<key>isa</key>
			<string>PBXFileReference</string>
			<key>path</key>
			<string>Info Center for League of LegendsTests.xctest</string>
			<key>sourceTree</key>
			<string>BUILT_PRODUCTS_DIR</string>
		</dict>
		<key>174C952B1D106CCE00EBFB07</key>
		<dict>
			<key>containerPortal</key>
			<string>174C950C1D106CCC00EBFB07</string>
			<key>isa</key>
			<string>PBXContainerItemProxy</string>
			<key>proxyType</key>
			<string>1</string>
			<key>remoteGlobalIDString</key>
			<string>174C95131D106CCC00EBFB07</string>
			<key>remoteInfo</key>
			<string>Info Center for League of Legends</string>
		</dict>
		<key>174C952C1D106CCE00EBFB07</key>
		<dict>
			<key>isa</key>
			<string>PBXTargetDependency</string>
			<key>target</key>
			<string>174C95131D106CCC00EBFB07</string>
			<key>targetProxy</key>
			<string>174C952B1D106CCE00EBFB07</string>
		</dict>
		<key>174C952D1D106CCE00EBFB07</key>
		<dict>
			<key>children</key>
			<array>
				<string>174C952E1D106CCE00EBFB07</string>
				<string>174C95301D106CCE00EBFB07</string>
			</array>
			<key>isa</key>
			<string>PBXGroup</string>
			<key>path</key>
			<string>Info Center for League of LegendsTests</string>
			<key>sourceTree</key>
			<string>&lt;group&gt;</string>
		</dict>
		<key>174C952E1D106CCE00EBFB07</key>
		<dict>
			<key>isa</key>
			<string>PBXFileReference</string>
			<key>lastKnownFileType</key>
			<string>sourcecode.swift</string>
			<key>path</key>
			<string>Info_Center_for_League_of_LegendsTests.swift</string>
			<key>sourceTree</key>
			<string>&lt;group&gt;</string>
		</dict>
		<key>174C952F1D106CCE00EBFB07</key>
		<dict>
			<key>fileRef</key>
			<string>174C952E1D106CCE00EBFB07</string>
			<key>isa</key>
			<string>PBXBuildFile</string>
		</dict>
		<key>174C95301D106CCE00EBFB07</key>
		<dict>
			<key>isa</key>
			<string>PBXFileReference</string>
			<key>lastKnownFileType</key>
			<string>text.plist.xml</string>
			<key>path</key>
			<string>Info.plist</string>
			<key>sourceTree</key>
			<string>&lt;group&gt;</string>
		</dict>
		<key>174C95311D106CCE00EBFB07</key>
		<dict>
			<key>buildActionMask</key>
			<string>2147483647</string>
			<key>files</key>
			<array>
				<string>174C953A1D106CCE00EBFB07</string>
			</array>
			<key>isa</key>
			<string>PBXSourcesBuildPhase</string>
			<key>runOnlyForDeploymentPostprocessing</key>
			<string>0</string>
		</dict>
		<key>174C95321D106CCE00EBFB07</key>
		<dict>
			<key>buildActionMask</key>
			<string>2147483647</string>
			<key>files</key>
			<array>
				<string>EE3B7C1DAE11E2D84B89985D</string>
			</array>
			<key>isa</key>
			<string>PBXFrameworksBuildPhase</string>
			<key>runOnlyForDeploymentPostprocessing</key>
			<string>0</string>
		</dict>
		<key>174C95331D106CCE00EBFB07</key>
		<dict>
			<key>buildActionMask</key>
			<string>2147483647</string>
			<key>files</key>
			<array/>
			<key>isa</key>
			<string>PBXResourcesBuildPhase</string>
			<key>runOnlyForDeploymentPostprocessing</key>
			<string>0</string>
		</dict>
		<key>174C95341D106CCE00EBFB07</key>
		<dict>
			<key>buildConfigurationList</key>
			<string>174C95441D106CCE00EBFB07</string>
			<key>buildPhases</key>
			<array>
				<string>CAD72C4AB90BC77B73BC311D</string>
				<string>33325DBF1C0E162857ED0766</string>
				<string>174C95311D106CCE00EBFB07</string>
				<string>174C95321D106CCE00EBFB07</string>
				<string>174C95331D106CCE00EBFB07</string>
				<string>56033B9036BFBBFD025582F5</string>
				<string>53A4627FD2B44DACEC80387B</string>
			</array>
			<key>buildRules</key>
			<array/>
			<key>dependencies</key>
			<array>
				<string>174C95371D106CCE00EBFB07</string>
			</array>
			<key>isa</key>
			<string>PBXNativeTarget</string>
			<key>name</key>
			<string>Info Center for League of LegendsUITests</string>
			<key>productName</key>
			<string>Info Center for League of LegendsUITests</string>
			<key>productReference</key>
			<string>174C95351D106CCE00EBFB07</string>
			<key>productType</key>
			<string>com.apple.product-type.bundle.ui-testing</string>
		</dict>
		<key>174C95351D106CCE00EBFB07</key>
		<dict>
			<key>explicitFileType</key>
			<string>wrapper.cfbundle</string>
			<key>includeInIndex</key>
			<string>0</string>
			<key>isa</key>
			<string>PBXFileReference</string>
			<key>path</key>
			<string>Info Center for League of LegendsUITests.xctest</string>
			<key>sourceTree</key>
			<string>BUILT_PRODUCTS_DIR</string>
		</dict>
		<key>174C95361D106CCE00EBFB07</key>
		<dict>
			<key>containerPortal</key>
			<string>174C950C1D106CCC00EBFB07</string>
			<key>isa</key>
			<string>PBXContainerItemProxy</string>
			<key>proxyType</key>
			<string>1</string>
			<key>remoteGlobalIDString</key>
			<string>174C95131D106CCC00EBFB07</string>
			<key>remoteInfo</key>
			<string>Info Center for League of Legends</string>
		</dict>
		<key>174C95371D106CCE00EBFB07</key>
		<dict>
			<key>isa</key>
			<string>PBXTargetDependency</string>
			<key>target</key>
			<string>174C95131D106CCC00EBFB07</string>
			<key>targetProxy</key>
			<string>174C95361D106CCE00EBFB07</string>
		</dict>
		<key>174C95381D106CCE00EBFB07</key>
		<dict>
			<key>children</key>
			<array>
				<string>174C95391D106CCE00EBFB07</string>
				<string>174C953B1D106CCE00EBFB07</string>
			</array>
			<key>isa</key>
			<string>PBXGroup</string>
			<key>path</key>
			<string>Info Center for League of LegendsUITests</string>
			<key>sourceTree</key>
			<string>&lt;group&gt;</string>
		</dict>
		<key>174C95391D106CCE00EBFB07</key>
		<dict>
			<key>isa</key>
			<string>PBXFileReference</string>
			<key>lastKnownFileType</key>
			<string>sourcecode.swift</string>
			<key>path</key>
			<string>Info_Center_for_League_of_LegendsUITests.swift</string>
			<key>sourceTree</key>
			<string>&lt;group&gt;</string>
		</dict>
		<key>174C953A1D106CCE00EBFB07</key>
		<dict>
			<key>fileRef</key>
			<string>174C95391D106CCE00EBFB07</string>
			<key>isa</key>
			<string>PBXBuildFile</string>
		</dict>
		<key>174C953B1D106CCE00EBFB07</key>
		<dict>
			<key>isa</key>
			<string>PBXFileReference</string>
			<key>lastKnownFileType</key>
			<string>text.plist.xml</string>
			<key>path</key>
			<string>Info.plist</string>
			<key>sourceTree</key>
			<string>&lt;group&gt;</string>
		</dict>
		<key>174C953C1D106CCE00EBFB07</key>
		<dict>
			<key>buildSettings</key>
			<dict>
				<key>ALWAYS_SEARCH_USER_PATHS</key>
				<string>NO</string>
				<key>CLANG_ANALYZER_NONNULL</key>
				<string>YES</string>
				<key>CLANG_CXX_LANGUAGE_STANDARD</key>
				<string>gnu++0x</string>
				<key>CLANG_CXX_LIBRARY</key>
				<string>libc++</string>
				<key>CLANG_ENABLE_MODULES</key>
				<string>YES</string>
				<key>CLANG_ENABLE_OBJC_ARC</key>
				<string>YES</string>
				<key>CLANG_WARN_BOOL_CONVERSION</key>
				<string>YES</string>
				<key>CLANG_WARN_CONSTANT_CONVERSION</key>
				<string>YES</string>
				<key>CLANG_WARN_DIRECT_OBJC_ISA_USAGE</key>
				<string>YES_ERROR</string>
				<key>CLANG_WARN_DOCUMENTATION_COMMENTS</key>
				<string>YES</string>
				<key>CLANG_WARN_EMPTY_BODY</key>
				<string>YES</string>
				<key>CLANG_WARN_ENUM_CONVERSION</key>
				<string>YES</string>
				<key>CLANG_WARN_INT_CONVERSION</key>
				<string>YES</string>
				<key>CLANG_WARN_OBJC_ROOT_CLASS</key>
				<string>YES_ERROR</string>
				<key>CLANG_WARN_UNREACHABLE_CODE</key>
				<string>YES</string>
				<key>CLANG_WARN__DUPLICATE_METHOD_MATCH</key>
				<string>YES</string>
				<key>CODE_SIGN_IDENTITY[sdk=iphoneos*]</key>
				<string>iPhone Developer</string>
				<key>COPY_PHASE_STRIP</key>
				<string>NO</string>
				<key>DEBUG_INFORMATION_FORMAT</key>
				<string>dwarf</string>
				<key>ENABLE_STRICT_OBJC_MSGSEND</key>
				<string>YES</string>
				<key>ENABLE_TESTABILITY</key>
				<string>YES</string>
				<key>GCC_C_LANGUAGE_STANDARD</key>
				<string>gnu99</string>
				<key>GCC_DYNAMIC_NO_PIC</key>
				<string>NO</string>
				<key>GCC_NO_COMMON_BLOCKS</key>
				<string>YES</string>
				<key>GCC_OPTIMIZATION_LEVEL</key>
				<string>0</string>
				<key>GCC_PREPROCESSOR_DEFINITIONS</key>
				<array>
					<string>DEBUG=1</string>
					<string>$(inherited)</string>
				</array>
				<key>GCC_WARN_64_TO_32_BIT_CONVERSION</key>
				<string>YES</string>
				<key>GCC_WARN_ABOUT_RETURN_TYPE</key>
				<string>YES_ERROR</string>
				<key>GCC_WARN_UNDECLARED_SELECTOR</key>
				<string>YES</string>
				<key>GCC_WARN_UNINITIALIZED_AUTOS</key>
				<string>YES_AGGRESSIVE</string>
				<key>GCC_WARN_UNUSED_FUNCTION</key>
				<string>YES</string>
				<key>GCC_WARN_UNUSED_VARIABLE</key>
				<string>YES</string>
				<key>IPHONEOS_DEPLOYMENT_TARGET</key>
				<string>9.0</string>
				<key>MTL_ENABLE_DEBUG_INFO</key>
				<string>YES</string>
				<key>ONLY_ACTIVE_ARCH</key>
				<string>YES</string>
				<key>SDKROOT</key>
				<string>iphoneos</string>
				<key>SWIFT_ACTIVE_COMPILATION_CONDITIONS</key>
				<string>DEBUG</string>
				<key>SWIFT_OPTIMIZATION_LEVEL</key>
				<string>-Onone</string>
				<key>TARGETED_DEVICE_FAMILY</key>
				<string>1,2</string>
			</dict>
			<key>isa</key>
			<string>XCBuildConfiguration</string>
			<key>name</key>
			<string>Debug</string>
		</dict>
		<key>174C953D1D106CCE00EBFB07</key>
		<dict>
			<key>buildSettings</key>
			<dict>
				<key>ALWAYS_SEARCH_USER_PATHS</key>
				<string>NO</string>
				<key>CLANG_ANALYZER_NONNULL</key>
				<string>YES</string>
				<key>CLANG_CXX_LANGUAGE_STANDARD</key>
				<string>gnu++0x</string>
				<key>CLANG_CXX_LIBRARY</key>
				<string>libc++</string>
				<key>CLANG_ENABLE_MODULES</key>
				<string>YES</string>
				<key>CLANG_ENABLE_OBJC_ARC</key>
				<string>YES</string>
				<key>CLANG_WARN_BOOL_CONVERSION</key>
				<string>YES</string>
				<key>CLANG_WARN_CONSTANT_CONVERSION</key>
				<string>YES</string>
				<key>CLANG_WARN_DIRECT_OBJC_ISA_USAGE</key>
				<string>YES_ERROR</string>
				<key>CLANG_WARN_DOCUMENTATION_COMMENTS</key>
				<string>YES</string>
				<key>CLANG_WARN_EMPTY_BODY</key>
				<string>YES</string>
				<key>CLANG_WARN_ENUM_CONVERSION</key>
				<string>YES</string>
				<key>CLANG_WARN_INT_CONVERSION</key>
				<string>YES</string>
				<key>CLANG_WARN_OBJC_ROOT_CLASS</key>
				<string>YES_ERROR</string>
				<key>CLANG_WARN_UNREACHABLE_CODE</key>
				<string>YES</string>
				<key>CLANG_WARN__DUPLICATE_METHOD_MATCH</key>
				<string>YES</string>
				<key>CODE_SIGN_IDENTITY[sdk=iphoneos*]</key>
				<string>iPhone Developer</string>
				<key>COPY_PHASE_STRIP</key>
				<string>NO</string>
				<key>DEBUG_INFORMATION_FORMAT</key>
				<string>dwarf-with-dsym</string>
				<key>ENABLE_NS_ASSERTIONS</key>
				<string>NO</string>
				<key>ENABLE_STRICT_OBJC_MSGSEND</key>
				<string>YES</string>
				<key>GCC_C_LANGUAGE_STANDARD</key>
				<string>gnu99</string>
				<key>GCC_NO_COMMON_BLOCKS</key>
				<string>YES</string>
				<key>GCC_WARN_64_TO_32_BIT_CONVERSION</key>
				<string>YES</string>
				<key>GCC_WARN_ABOUT_RETURN_TYPE</key>
				<string>YES_ERROR</string>
				<key>GCC_WARN_UNDECLARED_SELECTOR</key>
				<string>YES</string>
				<key>GCC_WARN_UNINITIALIZED_AUTOS</key>
				<string>YES_AGGRESSIVE</string>
				<key>GCC_WARN_UNUSED_FUNCTION</key>
				<string>YES</string>
				<key>GCC_WARN_UNUSED_VARIABLE</key>
				<string>YES</string>
				<key>IPHONEOS_DEPLOYMENT_TARGET</key>
				<string>9.0</string>
				<key>MTL_ENABLE_DEBUG_INFO</key>
				<string>NO</string>
				<key>SDKROOT</key>
				<string>iphoneos</string>
				<key>SWIFT_OPTIMIZATION_LEVEL</key>
				<string>-Owholemodule</string>
				<key>TARGETED_DEVICE_FAMILY</key>
				<string>1,2</string>
				<key>VALIDATE_PRODUCT</key>
				<string>YES</string>
			</dict>
			<key>isa</key>
			<string>XCBuildConfiguration</string>
			<key>name</key>
			<string>Release</string>
		</dict>
		<key>174C953E1D106CCE00EBFB07</key>
		<dict>
			<key>buildConfigurations</key>
			<array>
				<string>174C953F1D106CCE00EBFB07</string>
				<string>174C95401D106CCE00EBFB07</string>
			</array>
			<key>defaultConfigurationIsVisible</key>
			<string>0</string>
			<key>defaultConfigurationName</key>
			<string>Release</string>
			<key>isa</key>
			<string>XCConfigurationList</string>
		</dict>
		<key>174C953F1D106CCE00EBFB07</key>
		<dict>
			<key>baseConfigurationReference</key>
			<string>EABF361D88F86AB1565D7B3D</string>
			<key>buildSettings</key>
			<dict>
				<key>ASSETCATALOG_COMPILER_APPICON_NAME</key>
				<string>AppIcon</string>
				<key>CLANG_ALLOW_NON_MODULAR_INCLUDES_IN_FRAMEWORK_MODULES</key>
				<string>NO</string>
				<key>CODE_SIGN_ENTITLEMENTS</key>
				<string>Info Center for League of Legends/Info Center for League of Legends.entitlements</string>
				<key>CODE_SIGN_IDENTITY</key>
				<string>iPhone Developer</string>
				<key>CODE_SIGN_IDENTITY[sdk=iphoneos*]</key>
				<string>iPhone Developer</string>
				<key>DEFINES_MODULE</key>
				<string>NO</string>
				<key>GCC_OPTIMIZATION_LEVEL</key>
				<string>s</string>
				<key>INFOPLIST_FILE</key>
				<string>Info Center for League of Legends/Info.plist</string>
				<key>LD_RUNPATH_SEARCH_PATHS</key>
				<string>$(inherited) @executable_path/Frameworks</string>
				<key>PRODUCT_BUNDLE_IDENTIFIER</key>
				<string>com.Tech-Genius.League-of-Legends-Center</string>
				<key>PRODUCT_NAME</key>
				<string>$(TARGET_NAME)</string>
				<key>PROVISIONING_PROFILE</key>
				<string>5ce3c945-f0b9-4922-a187-0b9e59b9e309</string>
				<key>PROVISIONING_PROFILE_SPECIFIER</key>
				<string>84PD2967AA/IC: LoL Dev</string>
				<key>SWIFT_OBJC_BRIDGING_HEADER</key>
				<string>Info Center for League of Legends/Objective-C/Bridging-Header.h</string>
				<key>SWIFT_OPTIMIZATION_LEVEL</key>
				<string>-Owholemodule</string>
				<key>SWIFT_VERSION</key>
				<string>3.0</string>
				<key>VALIDATE_PRODUCT</key>
				<string>YES</string>
			</dict>
			<key>isa</key>
			<string>XCBuildConfiguration</string>
			<key>name</key>
			<string>Debug</string>
		</dict>
		<key>174C95401D106CCE00EBFB07</key>
		<dict>
			<key>baseConfigurationReference</key>
			<string>920A493D3B84AECB3D66BDD5</string>
			<key>buildSettings</key>
			<dict>
				<key>ASSETCATALOG_COMPILER_APPICON_NAME</key>
				<string>AppIcon</string>
				<key>CLANG_ALLOW_NON_MODULAR_INCLUDES_IN_FRAMEWORK_MODULES</key>
				<string>NO</string>
				<key>CODE_SIGN_ENTITLEMENTS</key>
				<string>Info Center for League of Legends/Info Center for League of Legends.entitlements</string>
				<key>CODE_SIGN_IDENTITY</key>
				<string></string>
				<key>CODE_SIGN_IDENTITY[sdk=iphoneos*]</key>
				<string>iPhone Distribution</string>
				<key>DEFINES_MODULE</key>
				<string>NO</string>
				<key>GCC_OPTIMIZATION_LEVEL</key>
				<string>s</string>
				<key>INFOPLIST_FILE</key>
				<string>Info Center for League of Legends/Info.plist</string>
				<key>LD_RUNPATH_SEARCH_PATHS</key>
				<string>$(inherited) @executable_path/Frameworks</string>
				<key>PRODUCT_BUNDLE_IDENTIFIER</key>
				<string>com.Tech-Genius.League-of-Legends-Center</string>
				<key>PRODUCT_NAME</key>
				<string>$(TARGET_NAME)</string>
				<key>PROVISIONING_PROFILE</key>
				<string>a9c12f8d-8b98-4646-9ea2-622805936e26</string>
				<key>PROVISIONING_PROFILE_SPECIFIER</key>
				<string>84PD2967AA/IC: LoL Prod</string>
				<key>SWIFT_OBJC_BRIDGING_HEADER</key>
				<string>Info Center for League of Legends/Objective-C/Bridging-Header.h</string>
				<key>SWIFT_OPTIMIZATION_LEVEL</key>
				<string>-Owholemodule</string>
				<key>SWIFT_VERSION</key>
				<string>3.0</string>
				<key>VALIDATE_PRODUCT</key>
				<string>YES</string>
			</dict>
			<key>isa</key>
			<string>XCBuildConfiguration</string>
			<key>name</key>
			<string>Release</string>
		</dict>
		<key>174C95411D106CCE00EBFB07</key>
		<dict>
			<key>buildConfigurations</key>
			<array>
				<string>174C95421D106CCE00EBFB07</string>
				<string>174C95431D106CCE00EBFB07</string>
			</array>
			<key>defaultConfigurationIsVisible</key>
			<string>0</string>
			<key>defaultConfigurationName</key>
			<string>Release</string>
			<key>isa</key>
			<string>XCConfigurationList</string>
		</dict>
		<key>174C95421D106CCE00EBFB07</key>
		<dict>
			<key>baseConfigurationReference</key>
			<string>886832505159034B2533C8E0</string>
			<key>buildSettings</key>
			<dict>
				<key>BUNDLE_LOADER</key>
				<string>$(TEST_HOST)</string>
				<key>CLANG_ALLOW_NON_MODULAR_INCLUDES_IN_FRAMEWORK_MODULES</key>
				<string>NO</string>
				<key>DEFINES_MODULE</key>
				<string>NO</string>
				<key>INFOPLIST_FILE</key>
				<string>Info Center for League of LegendsTests/Info.plist</string>
				<key>LD_RUNPATH_SEARCH_PATHS</key>
				<string>$(inherited) @executable_path/Frameworks @loader_path/Frameworks</string>
				<key>PRODUCT_BUNDLE_IDENTIFIER</key>
				<string>com.Tech-Genius.League-of-Legends-Center</string>
				<key>PRODUCT_NAME</key>
				<string>$(TARGET_NAME)</string>
				<key>PROVISIONING_PROFILE_SPECIFIER</key>
				<string>84PD2967AA/</string>
				<key>SWIFT_OBJC_BRIDGING_HEADER</key>
				<string>Info Center for League of Legends/Objective-C/Bridging-Header.h</string>
				<key>SWIFT_VERSION</key>
				<string>3.0</string>
				<key>TEST_HOST</key>
				<string>$(BUILT_PRODUCTS_DIR)/Info Center for League of Legends.app/Info Center for League of Legends</string>
			</dict>
			<key>isa</key>
			<string>XCBuildConfiguration</string>
			<key>name</key>
			<string>Debug</string>
		</dict>
		<key>174C95431D106CCE00EBFB07</key>
		<dict>
			<key>baseConfigurationReference</key>
			<string>D6B17CC5A350CFD7AC80A0C9</string>
			<key>buildSettings</key>
			<dict>
				<key>BUNDLE_LOADER</key>
				<string>$(TEST_HOST)</string>
				<key>CLANG_ALLOW_NON_MODULAR_INCLUDES_IN_FRAMEWORK_MODULES</key>
				<string>NO</string>
				<key>CODE_SIGN_IDENTITY[sdk=iphoneos*]</key>
				<string>iPhone Distribution</string>
				<key>DEFINES_MODULE</key>
				<string>NO</string>
				<key>INFOPLIST_FILE</key>
				<string>Info Center for League of LegendsTests/Info.plist</string>
				<key>LD_RUNPATH_SEARCH_PATHS</key>
				<string>$(inherited) @executable_path/Frameworks @loader_path/Frameworks</string>
				<key>PRODUCT_BUNDLE_IDENTIFIER</key>
				<string>com.Tech-Genius.League-of-Legends-Center</string>
				<key>PRODUCT_NAME</key>
				<string>$(TARGET_NAME)</string>
				<key>PROVISIONING_PROFILE_SPECIFIER</key>
				<string>84PD2967AA/</string>
				<key>SWIFT_OBJC_BRIDGING_HEADER</key>
				<string>Info Center for League of Legends/Objective-C/Bridging-Header.h</string>
				<key>SWIFT_VERSION</key>
				<string>3.0</string>
				<key>TEST_HOST</key>
				<string>$(BUILT_PRODUCTS_DIR)/Info Center for League of Legends.app/Info Center for League of Legends</string>
			</dict>
			<key>isa</key>
			<string>XCBuildConfiguration</string>
			<key>name</key>
			<string>Release</string>
		</dict>
		<key>174C95441D106CCE00EBFB07</key>
		<dict>
			<key>buildConfigurations</key>
			<array>
				<string>174C95451D106CCE00EBFB07</string>
				<string>174C95461D106CCE00EBFB07</string>
			</array>
			<key>defaultConfigurationIsVisible</key>
			<string>0</string>
			<key>defaultConfigurationName</key>
			<string>Release</string>
			<key>isa</key>
			<string>XCConfigurationList</string>
		</dict>
		<key>174C95451D106CCE00EBFB07</key>
		<dict>
			<key>baseConfigurationReference</key>
			<string>C8ED9A44A445CF2C85EB1B21</string>
			<key>buildSettings</key>
			<dict>
				<key>CLANG_ALLOW_NON_MODULAR_INCLUDES_IN_FRAMEWORK_MODULES</key>
				<string>NO</string>
				<key>INFOPLIST_FILE</key>
				<string>Info Center for League of LegendsUITests/Info.plist</string>
				<key>LD_RUNPATH_SEARCH_PATHS</key>
				<string>$(inherited) @executable_path/Frameworks @loader_path/Frameworks</string>
				<key>PRODUCT_BUNDLE_IDENTIFIER</key>
				<string>com.Tech-Genius.League-of-Legends-Center</string>
				<key>PRODUCT_NAME</key>
				<string>$(TARGET_NAME)</string>
				<key>SWIFT_OBJC_BRIDGING_HEADER</key>
				<string></string>
				<key>SWIFT_VERSION</key>
				<string>3.0</string>
				<key>TEST_TARGET_NAME</key>
				<string>Info Center for League of Legends</string>
			</dict>
			<key>isa</key>
			<string>XCBuildConfiguration</string>
			<key>name</key>
			<string>Debug</string>
		</dict>
		<key>174C95461D106CCE00EBFB07</key>
		<dict>
			<key>baseConfigurationReference</key>
			<string>883DB2D7EB75E9D80A6A9908</string>
			<key>buildSettings</key>
			<dict>
				<key>CLANG_ALLOW_NON_MODULAR_INCLUDES_IN_FRAMEWORK_MODULES</key>
				<string>NO</string>
				<key>INFOPLIST_FILE</key>
				<string>Info Center for League of LegendsUITests/Info.plist</string>
				<key>LD_RUNPATH_SEARCH_PATHS</key>
				<string>$(inherited) @executable_path/Frameworks @loader_path/Frameworks</string>
				<key>PRODUCT_BUNDLE_IDENTIFIER</key>
				<string>com.Tech-Genius.League-of-Legends-Center</string>
				<key>PRODUCT_NAME</key>
				<string>$(TARGET_NAME)</string>
				<key>SWIFT_OBJC_BRIDGING_HEADER</key>
				<string></string>
				<key>SWIFT_VERSION</key>
				<string>3.0</string>
				<key>TEST_TARGET_NAME</key>
				<string>Info Center for League of Legends</string>
			</dict>
			<key>isa</key>
			<string>XCBuildConfiguration</string>
			<key>name</key>
			<string>Release</string>
		</dict>
		<key>1765108C1D230CB800A076BA</key>
		<dict>
			<key>isa</key>
			<string>PBXFileReference</string>
			<key>lastKnownFileType</key>
			<string>wrapper.framework</string>
			<key>name</key>
			<string>QuartzCore.framework</string>
			<key>path</key>
			<string>System/Library/Frameworks/QuartzCore.framework</string>
			<key>sourceTree</key>
			<string>SDKROOT</string>
		</dict>
		<key>1765108E1D23101800A076BA</key>
		<dict>
			<key>fileRef</key>
			<string>1765108C1D230CB800A076BA</string>
			<key>isa</key>
			<string>PBXBuildFile</string>
		</dict>
		<key>1765108F1D231D5300A076BA</key>
		<dict>
			<key>children</key>
			<array>
				<string>176510901D231DBE00A076BA</string>
			</array>
			<key>isa</key>
			<string>PBXGroup</string>
			<key>name</key>
			<string>ProfileView Stats</string>
			<key>sourceTree</key>
			<string>&lt;group&gt;</string>
		</dict>
		<key>176510901D231DBE00A076BA</key>
		<dict>
			<key>fileEncoding</key>
			<string>4</string>
			<key>isa</key>
			<string>PBXFileReference</string>
			<key>lastKnownFileType</key>
			<string>sourcecode.swift</string>
			<key>name</key>
			<string>ProfileView_Header_StatsCell.swift</string>
			<key>path</key>
			<string>Profile/ProfileView Cells/ProfileView Stats/ProfileView_Header_StatsCell.swift</string>
			<key>sourceTree</key>
			<string>&lt;group&gt;</string>
		</dict>
		<key>176510911D231DBE00A076BA</key>
		<dict>
			<key>fileRef</key>
			<string>176510901D231DBE00A076BA</string>
			<key>isa</key>
			<string>PBXBuildFile</string>
		</dict>
		<key>176D5B941D1C3D98000D9D85</key>
		<dict>
			<key>children</key>
			<array>
				<string>176D5B971D1C478F000D9D85</string>
			</array>
			<key>isa</key>
			<string>PBXGroup</string>
			<key>name</key>
			<string>SummonerEntities</string>
			<key>sourceTree</key>
			<string>&lt;group&gt;</string>
		</dict>
		<key>176D5B951D1C42A2000D9D85</key>
		<dict>
			<key>fileEncoding</key>
			<string>4</string>
			<key>isa</key>
			<string>PBXFileReference</string>
			<key>lastKnownFileType</key>
			<string>sourcecode.swift</string>
			<key>name</key>
			<string>Endpoints.swift</string>
			<key>path</key>
			<string>Riot API/Endpoints.swift</string>
			<key>sourceTree</key>
			<string>&lt;group&gt;</string>
		</dict>
		<key>176D5B961D1C42A2000D9D85</key>
		<dict>
			<key>fileRef</key>
			<string>176D5B951D1C42A2000D9D85</string>
			<key>isa</key>
			<string>PBXBuildFile</string>
		</dict>
		<key>176D5B971D1C478F000D9D85</key>
		<dict>
			<key>fileEncoding</key>
			<string>4</string>
			<key>isa</key>
			<string>PBXFileReference</string>
			<key>lastKnownFileType</key>
			<string>sourcecode.swift</string>
			<key>name</key>
			<string>SummonerDto.swift</string>
			<key>path</key>
			<string>Riot API/SummonerEntities/SummonerDto.swift</string>
			<key>sourceTree</key>
			<string>&lt;group&gt;</string>
		</dict>
		<key>176D5B981D1C478F000D9D85</key>
		<dict>
			<key>fileRef</key>
			<string>176D5B971D1C478F000D9D85</string>
			<key>isa</key>
			<string>PBXBuildFile</string>
		</dict>
		<key>1770B79A1D13B8340096AA9B</key>
		<dict>
			<key>children</key>
			<array>
				<string>1770B79B1D13B8790096AA9B</string>
			</array>
			<key>isa</key>
			<string>PBXGroup</string>
			<key>name</key>
			<string>Objective-C</string>
			<key>sourceTree</key>
			<string>&lt;group&gt;</string>
		</dict>
		<key>1770B79B1D13B8790096AA9B</key>
		<dict>
			<key>fileEncoding</key>
			<string>4</string>
			<key>isa</key>
			<string>PBXFileReference</string>
			<key>lastKnownFileType</key>
			<string>sourcecode.c.h</string>
			<key>name</key>
			<string>Bridging-Header.h</string>
			<key>path</key>
			<string>Objective-C/Bridging-Header.h</string>
			<key>sourceTree</key>
			<string>&lt;group&gt;</string>
		</dict>
		<key>17A5686FE59E71CD95A7A322</key>
		<dict>
			<key>buildActionMask</key>
			<string>2147483647</string>
			<key>files</key>
			<array/>
			<key>inputPaths</key>
			<array/>
			<key>isa</key>
			<string>PBXShellScriptBuildPhase</string>
			<key>name</key>
			<string>[CP] Embed Pods Frameworks</string>
			<key>outputPaths</key>
			<array/>
			<key>runOnlyForDeploymentPostprocessing</key>
			<string>0</string>
			<key>shellPath</key>
			<string>/bin/sh</string>
			<key>shellScript</key>
			<string>"${SRCROOT}/Pods/Target Support Files/Pods-Info Center for League of Legends/Pods-Info Center for League of Legends-frameworks.sh"
</string>
			<key>showEnvVarsInLog</key>
			<string>0</string>
		</dict>
		<key>17D14E0E1D10D12A007F6938</key>
		<dict>
			<key>isa</key>
			<string>PBXFileReference</string>
			<key>lastKnownFileType</key>
			<string>text.xml</string>
			<key>path</key>
			<string>Info Center for League of Legends.entitlements</string>
			<key>sourceTree</key>
			<string>&lt;group&gt;</string>
		</dict>
		<key>17D14E0F1D10D373007F6938</key>
		<dict>
			<key>isa</key>
			<string>PBXFileReference</string>
			<key>lastKnownFileType</key>
			<string>folder.assetcatalog</string>
			<key>path</key>
			<string>Special.xcassets</string>
			<key>sourceTree</key>
			<string>&lt;group&gt;</string>
		</dict>
		<key>17D14E101D10D373007F6938</key>
		<dict>
			<key>fileRef</key>
			<string>17D14E0F1D10D373007F6938</string>
			<key>isa</key>
			<string>PBXBuildFile</string>
		</dict>
		<key>17D14E111D10D3A8007F6938</key>
		<dict>
			<key>isa</key>
			<string>PBXFileReference</string>
			<key>lastKnownFileType</key>
			<string>folder.assetcatalog</string>
			<key>path</key>
			<string>Fall.xcassets</string>
			<key>sourceTree</key>
			<string>&lt;group&gt;</string>
		</dict>
		<key>17D14E121D10D3A8007F6938</key>
		<dict>
			<key>isa</key>
			<string>PBXFileReference</string>
			<key>lastKnownFileType</key>
			<string>folder.assetcatalog</string>
			<key>path</key>
			<string>Normal.xcassets</string>
			<key>sourceTree</key>
			<string>&lt;group&gt;</string>
		</dict>
		<key>17D14E131D10D3A8007F6938</key>
		<dict>
			<key>isa</key>
			<string>PBXFileReference</string>
			<key>lastKnownFileType</key>
			<string>folder.assetcatalog</string>
			<key>path</key>
			<string>Winter.xcassets</string>
			<key>sourceTree</key>
			<string>&lt;group&gt;</string>
		</dict>
		<key>17D14E141D10D3A8007F6938</key>
		<dict>
			<key>fileRef</key>
			<string>17D14E111D10D3A8007F6938</string>
			<key>isa</key>
			<string>PBXBuildFile</string>
		</dict>
		<key>17D14E151D10D3A8007F6938</key>
		<dict>
			<key>fileRef</key>
			<string>17D14E121D10D3A8007F6938</string>
			<key>isa</key>
			<string>PBXBuildFile</string>
		</dict>
		<key>17D14E161D10D3A8007F6938</key>
		<dict>
			<key>fileRef</key>
			<string>17D14E131D10D3A8007F6938</string>
			<key>isa</key>
			<string>PBXBuildFile</string>
		</dict>
		<key>17D14E171D10D928007F6938</key>
		<dict>
			<key>isa</key>
			<string>PBXFileReference</string>
			<key>lastKnownFileType</key>
			<string>folder.assetcatalog</string>
			<key>path</key>
			<string>Ranked.xcassets</string>
			<key>sourceTree</key>
			<string>&lt;group&gt;</string>
		</dict>
		<key>17D14E181D10D928007F6938</key>
		<dict>
			<key>fileRef</key>
			<string>17D14E171D10D928007F6938</string>
			<key>isa</key>
			<string>PBXBuildFile</string>
		</dict>
		<key>17D14E191D10D947007F6938</key>
		<dict>
			<key>isa</key>
			<string>PBXFileReference</string>
			<key>lastKnownFileType</key>
			<string>folder.assetcatalog</string>
			<key>path</key>
			<string>FunRefresher.xcassets</string>
			<key>sourceTree</key>
			<string>&lt;group&gt;</string>
		</dict>
		<key>17D14E1A1D10D947007F6938</key>
		<dict>
			<key>fileRef</key>
			<string>17D14E191D10D947007F6938</string>
			<key>isa</key>
			<string>PBXBuildFile</string>
		</dict>
		<key>17E5B9611D11A74100F213E6</key>
		<dict>
			<key>isa</key>
			<string>PBXFileReference</string>
			<key>lastKnownFileType</key>
			<string>sourcecode.text-based-dylib-definition</string>
			<key>name</key>
			<string>libsqlite3.tbd</string>
			<key>path</key>
			<string>usr/lib/libsqlite3.tbd</string>
			<key>sourceTree</key>
			<string>SDKROOT</string>
		</dict>
		<key>17EDBB2F1D10EEEF00C7B7C5</key>
		<dict>
			<key>fileEncoding</key>
			<string>4</string>
			<key>isa</key>
			<string>PBXFileReference</string>
			<key>lastKnownFileType</key>
			<string>sourcecode.swift</string>
			<key>name</key>
			<string>MainTableViewController.swift</string>
			<key>path</key>
			<string>Subclasses/MainTableViewController.swift</string>
			<key>sourceTree</key>
			<string>&lt;group&gt;</string>
		</dict>
		<key>17EDBB301D10EEEF00C7B7C5</key>
		<dict>
			<key>fileRef</key>
			<string>17EDBB2F1D10EEEF00C7B7C5</string>
			<key>isa</key>
			<string>PBXBuildFile</string>
		</dict>
		<key>17EDBB311D10EEF200C7B7C5</key>
		<dict>
			<key>children</key>
			<array>
				<string>1739C48E1D1C281400B50BDC</string>
				<string>17EDBB371D10F68D00C7B7C5</string>
				<string>17EDBB2F1D10EEEF00C7B7C5</string>
				<string>172101D21D1EDC880088DB1A</string>
			</array>
			<key>isa</key>
			<string>PBXGroup</string>
			<key>name</key>
			<string>Subclasses</string>
			<key>sourceTree</key>
			<string>&lt;group&gt;</string>
		</dict>
		<key>17EDBB321D10EFAC00C7B7C5</key>
		<dict>
			<key>fileEncoding</key>
			<string>4</string>
			<key>isa</key>
			<string>PBXFileReference</string>
			<key>lastKnownFileType</key>
			<string>sourcecode.swift</string>
			<key>name</key>
			<string>ProfileSearch.swift</string>
			<key>path</key>
			<string>Profile/ProfileSearch.swift</string>
			<key>sourceTree</key>
			<string>&lt;group&gt;</string>
		</dict>
		<key>17EDBB331D10EFAC00C7B7C5</key>
		<dict>
			<key>fileRef</key>
			<string>17EDBB321D10EFAC00C7B7C5</string>
			<key>isa</key>
			<string>PBXBuildFile</string>
		</dict>
		<key>17EDBB341D10EFAF00C7B7C5</key>
		<dict>
			<key>children</key>
			<array>
				<string>17EDBB321D10EFAC00C7B7C5</string>
				<string>172101C31D1EDB310088DB1A</string>
				<string>172101C51D1EDB340088DB1A</string>
			</array>
			<key>isa</key>
			<string>PBXGroup</string>
			<key>name</key>
			<string>Profile</string>
			<key>sourceTree</key>
			<string>&lt;group&gt;</string>
		</dict>
		<key>17EDBB351D10F12E00C7B7C5</key>
		<dict>
			<key>fileEncoding</key>
			<string>4</string>
			<key>isa</key>
			<string>PBXFileReference</string>
			<key>lastKnownFileType</key>
			<string>text.plist.xml</string>
			<key>path</key>
			<string>GoogleService-Info.plist</string>
			<key>sourceTree</key>
			<string>&lt;group&gt;</string>
		</dict>
		<key>17EDBB361D10F12E00C7B7C5</key>
		<dict>
			<key>fileRef</key>
			<string>17EDBB351D10F12E00C7B7C5</string>
			<key>isa</key>
			<string>PBXBuildFile</string>
		</dict>
		<key>17EDBB371D10F68D00C7B7C5</key>
		<dict>
			<key>fileEncoding</key>
			<string>4</string>
			<key>isa</key>
			<string>PBXFileReference</string>
			<key>lastKnownFileType</key>
			<string>sourcecode.swift</string>
			<key>name</key>
			<string>ExistingAppChecker.swift</string>
			<key>path</key>
			<string>Subclasses/ExistingAppChecker.swift</string>
			<key>sourceTree</key>
			<string>&lt;group&gt;</string>
		</dict>
		<key>17EDBB381D10F68D00C7B7C5</key>
		<dict>
			<key>fileRef</key>
			<string>17EDBB371D10F68D00C7B7C5</string>
			<key>isa</key>
			<string>PBXBuildFile</string>
		</dict>
		<key>21035380F080A49DE06B128A</key>
		<dict>
			<key>children</key>
			<array>
				<string>1765108C1D230CB800A076BA</string>
				<string>17E5B9611D11A74100F213E6</string>
				<string>2932808F146B2CA7C1F165DC</string>
				<string>3AD748C7C2466B765D461B63</string>
				<string>428C3020155A1EB60F2A3812</string>
			</array>
			<key>isa</key>
			<string>PBXGroup</string>
			<key>name</key>
			<string>Frameworks</string>
			<key>sourceTree</key>
			<string>&lt;group&gt;</string>
		</dict>
		<key>257CF2CA29B38C6F6202AB65</key>
		<dict>
			<key>buildActionMask</key>
			<string>2147483647</string>
			<key>files</key>
			<array/>
			<key>inputPaths</key>
			<array/>
			<key>isa</key>
			<string>PBXShellScriptBuildPhase</string>
			<key>name</key>
			<string>&#128230; Copy Pods Resources</string>
			<key>outputPaths</key>
			<array/>
			<key>runOnlyForDeploymentPostprocessing</key>
			<string>0</string>
			<key>shellPath</key>
			<string>/bin/sh</string>
			<key>shellScript</key>
			<string>"${SRCROOT}/Pods/Target Support Files/Pods-Info Center for League of LegendsTests/Pods-Info Center for League of LegendsTests-resources.sh"
</string>
			<key>showEnvVarsInLog</key>
			<string>0</string>
		</dict>
		<key>2932808F146B2CA7C1F165DC</key>
		<dict>
			<key>explicitFileType</key>
			<string>wrapper.framework</string>
			<key>includeInIndex</key>
			<string>0</string>
			<key>isa</key>
			<string>PBXFileReference</string>
			<key>path</key>
			<string>Pods_Info_Center_for_League_of_Legends.framework</string>
			<key>sourceTree</key>
			<string>BUILT_PRODUCTS_DIR</string>
		</dict>
		<key>33325DBF1C0E162857ED0766</key>
		<dict>
			<key>buildActionMask</key>
			<string>2147483647</string>
			<key>files</key>
			<array/>
			<key>inputPaths</key>
			<array/>
			<key>isa</key>
			<string>PBXShellScriptBuildPhase</string>
			<key>name</key>
			<string>[CP] Check Pods Manifest.lock</string>
			<key>outputPaths</key>
			<array/>
			<key>runOnlyForDeploymentPostprocessing</key>
			<string>0</string>
			<key>shellPath</key>
			<string>/bin/sh</string>
			<key>shellScript</key>
			<string>diff "${PODS_ROOT}/../Podfile.lock" "${PODS_ROOT}/Manifest.lock" &gt; /dev/null
if [[ $? != 0 ]] ; then
    cat &lt;&lt; EOM
error: The sandbox is not in sync with the Podfile.lock. Run 'pod install' or update your CocoaPods installation.
EOM
    exit 1
fi
</string>
			<key>showEnvVarsInLog</key>
			<string>0</string>
		</dict>
		<key>3AD748C7C2466B765D461B63</key>
		<dict>
			<key>explicitFileType</key>
			<string>wrapper.framework</string>
			<key>includeInIndex</key>
			<string>0</string>
			<key>isa</key>
			<string>PBXFileReference</string>
			<key>path</key>
			<string>Pods_Info_Center_for_League_of_LegendsTests.framework</string>
			<key>sourceTree</key>
			<string>BUILT_PRODUCTS_DIR</string>
		</dict>
		<key>3DF85D96FCA0C734942FE9C3</key>
		<dict>
			<key>buildActionMask</key>
			<string>2147483647</string>
			<key>files</key>
			<array/>
			<key>inputPaths</key>
			<array/>
			<key>isa</key>
			<string>PBXShellScriptBuildPhase</string>
			<key>name</key>
			<string>[CP] Check Pods Manifest.lock</string>
			<key>outputPaths</key>
			<array/>
			<key>runOnlyForDeploymentPostprocessing</key>
			<string>0</string>
			<key>shellPath</key>
			<string>/bin/sh</string>
			<key>shellScript</key>
			<string>diff "${PODS_ROOT}/../Podfile.lock" "${PODS_ROOT}/Manifest.lock" &gt; /dev/null
if [[ $? != 0 ]] ; then
    cat &lt;&lt; EOM
error: The sandbox is not in sync with the Podfile.lock. Run 'pod install' or update your CocoaPods installation.
EOM
    exit 1
fi
</string>
			<key>showEnvVarsInLog</key>
			<string>0</string>
		</dict>
		<key>428C3020155A1EB60F2A3812</key>
		<dict>
			<key>explicitFileType</key>
			<string>wrapper.framework</string>
			<key>includeInIndex</key>
			<string>0</string>
			<key>isa</key>
			<string>PBXFileReference</string>
			<key>path</key>
			<string>Pods_Info_Center_for_League_of_LegendsUITests.framework</string>
			<key>sourceTree</key>
			<string>BUILT_PRODUCTS_DIR</string>
		</dict>
		<key>53A4627FD2B44DACEC80387B</key>
		<dict>
			<key>buildActionMask</key>
			<string>2147483647</string>
			<key>files</key>
			<array/>
			<key>inputPaths</key>
			<array/>
			<key>isa</key>
			<string>PBXShellScriptBuildPhase</string>
			<key>name</key>
			<string>&#128230; Copy Pods Resources</string>
			<key>outputPaths</key>
			<array/>
			<key>runOnlyForDeploymentPostprocessing</key>
			<string>0</string>
			<key>shellPath</key>
			<string>/bin/sh</string>
			<key>shellScript</key>
			<string>"${SRCROOT}/Pods/Target Support Files/Pods-Info Center for League of LegendsUITests/Pods-Info Center for League of LegendsUITests-resources.sh"
</string>
			<key>showEnvVarsInLog</key>
			<string>0</string>
		</dict>
		<key>56033B9036BFBBFD025582F5</key>
		<dict>
			<key>buildActionMask</key>
			<string>2147483647</string>
			<key>files</key>
			<array/>
			<key>inputPaths</key>
			<array/>
			<key>isa</key>
			<string>PBXShellScriptBuildPhase</string>
			<key>name</key>
			<string>[CP] Copy Pods Resources</string>
			<key>outputPaths</key>
			<array/>
			<key>runOnlyForDeploymentPostprocessing</key>
			<string>0</string>
			<key>shellPath</key>
			<string>/bin/sh</string>
			<key>shellScript</key>
			<string>"${SRCROOT}/Pods/Target Support Files/Pods-Info Center for League of LegendsUITests/Pods-Info Center for League of LegendsUITests-resources.sh"
</string>
			<key>showEnvVarsInLog</key>
			<string>0</string>
		</dict>
		<key>603F0D1A9DFBD77C13E4FE13</key>
		<dict>
			<key>buildActionMask</key>
			<string>2147483647</string>
			<key>files</key>
			<array/>
			<key>inputPaths</key>
			<array/>
			<key>isa</key>
			<string>PBXShellScriptBuildPhase</string>
			<key>name</key>
			<string>[CP] Copy Pods Resources</string>
			<key>outputPaths</key>
			<array/>
			<key>runOnlyForDeploymentPostprocessing</key>
			<string>0</string>
			<key>shellPath</key>
			<string>/bin/sh</string>
			<key>shellScript</key>
			<string>"${SRCROOT}/Pods/Target Support Files/Pods-Info Center for League of LegendsTests/Pods-Info Center for League of LegendsTests-resources.sh"
</string>
			<key>showEnvVarsInLog</key>
			<string>0</string>
		</dict>
		<key>624D9763CB769C0160FCF9D4</key>
		<dict>
			<key>buildActionMask</key>
			<string>2147483647</string>
			<key>files</key>
			<array/>
			<key>inputPaths</key>
			<array/>
			<key>isa</key>
			<string>PBXShellScriptBuildPhase</string>
			<key>name</key>
			<string>&#128230; Embed Pods Frameworks</string>
			<key>outputPaths</key>
			<array/>
			<key>runOnlyForDeploymentPostprocessing</key>
			<string>0</string>
			<key>shellPath</key>
			<string>/bin/sh</string>
			<key>shellScript</key>
			<string>"${SRCROOT}/Pods/Target Support Files/Pods-Info Center for League of LegendsTests/Pods-Info Center for League of LegendsTests-frameworks.sh"
</string>
			<key>showEnvVarsInLog</key>
			<string>0</string>
		</dict>
		<key>63A748F66287514342697000</key>
		<dict>
			<key>children</key>
			<array>
				<string>EABF361D88F86AB1565D7B3D</string>
				<string>920A493D3B84AECB3D66BDD5</string>
				<string>886832505159034B2533C8E0</string>
				<string>D6B17CC5A350CFD7AC80A0C9</string>
				<string>C8ED9A44A445CF2C85EB1B21</string>
				<string>883DB2D7EB75E9D80A6A9908</string>
			</array>
			<key>isa</key>
			<string>PBXGroup</string>
			<key>name</key>
			<string>Pods</string>
			<key>sourceTree</key>
			<string>&lt;group&gt;</string>
		</dict>
		<key>883DB2D7EB75E9D80A6A9908</key>
		<dict>
			<key>includeInIndex</key>
			<string>1</string>
			<key>isa</key>
			<string>PBXFileReference</string>
			<key>lastKnownFileType</key>
			<string>text.xcconfig</string>
			<key>name</key>
			<string>Pods-Info Center for League of LegendsUITests.release.xcconfig</string>
			<key>path</key>
			<string>Pods/Target Support Files/Pods-Info Center for League of LegendsUITests/Pods-Info Center for League of LegendsUITests.release.xcconfig</string>
			<key>sourceTree</key>
			<string>&lt;group&gt;</string>
		</dict>
		<key>886832505159034B2533C8E0</key>
		<dict>
			<key>includeInIndex</key>
			<string>1</string>
			<key>isa</key>
			<string>PBXFileReference</string>
			<key>lastKnownFileType</key>
			<string>text.xcconfig</string>
			<key>name</key>
			<string>Pods-Info Center for League of LegendsTests.debug.xcconfig</string>
			<key>path</key>
			<string>Pods/Target Support Files/Pods-Info Center for League of LegendsTests/Pods-Info Center for League of LegendsTests.debug.xcconfig</string>
			<key>sourceTree</key>
			<string>&lt;group&gt;</string>
		</dict>
		<key>920A493D3B84AECB3D66BDD5</key>
		<dict>
			<key>includeInIndex</key>
			<string>1</string>
			<key>isa</key>
			<string>PBXFileReference</string>
			<key>lastKnownFileType</key>
			<string>text.xcconfig</string>
			<key>name</key>
			<string>Pods-Info Center for League of Legends.release.xcconfig</string>
			<key>path</key>
			<string>Pods/Target Support Files/Pods-Info Center for League of Legends/Pods-Info Center for League of Legends.release.xcconfig</string>
			<key>sourceTree</key>
			<string>&lt;group&gt;</string>
		</dict>
		<key>9BDD3013E0ED7A4DAF224558</key>
		<dict>
			<key>fileRef</key>
			<string>2932808F146B2CA7C1F165DC</string>
			<key>isa</key>
			<string>PBXBuildFile</string>
		</dict>
		<key>A47F3D0328D73092B943D826</key>
		<dict>
			<key>buildActionMask</key>
			<string>2147483647</string>
			<key>files</key>
			<array/>
			<key>inputPaths</key>
			<array/>
			<key>isa</key>
			<string>PBXShellScriptBuildPhase</string>
			<key>name</key>
			<string>[CP] Check Pods Manifest.lock</string>
			<key>outputPaths</key>
			<array/>
			<key>runOnlyForDeploymentPostprocessing</key>
			<string>0</string>
			<key>shellPath</key>
			<string>/bin/sh</string>
			<key>shellScript</key>
			<string>diff "${PODS_ROOT}/../Podfile.lock" "${PODS_ROOT}/Manifest.lock" &gt; /dev/null
if [[ $? != 0 ]] ; then
    cat &lt;&lt; EOM
error: The sandbox is not in sync with the Podfile.lock. Run 'pod install' or update your CocoaPods installation.
EOM
    exit 1
fi
</string>
			<key>showEnvVarsInLog</key>
			<string>0</string>
		</dict>
		<key>A96665C66C12F8B23E201544</key>
		<dict>
			<key>buildActionMask</key>
			<string>2147483647</string>
			<key>files</key>
			<array/>
			<key>inputPaths</key>
			<array/>
			<key>isa</key>
			<string>PBXShellScriptBuildPhase</string>
			<key>name</key>
			<string>&#128230; Embed Pods Frameworks</string>
			<key>outputPaths</key>
			<array/>
			<key>runOnlyForDeploymentPostprocessing</key>
			<string>0</string>
			<key>shellPath</key>
			<string>/bin/sh</string>
			<key>shellScript</key>
			<string>"${SRCROOT}/Pods/Target Support Files/Pods-Info Center for League of Legends/Pods-Info Center for League of Legends-frameworks.sh"
</string>
			<key>showEnvVarsInLog</key>
			<string>0</string>
		</dict>
		<key>B83C44B1689A115821B7804E</key>
		<dict>
			<key>fileRef</key>
			<string>3AD748C7C2466B765D461B63</string>
			<key>isa</key>
			<string>PBXBuildFile</string>
		</dict>
		<key>B869A32C4A8AF6D394BD24F7</key>
		<dict>
			<key>buildActionMask</key>
			<string>2147483647</string>
			<key>files</key>
			<array/>
			<key>inputPaths</key>
			<array/>
			<key>isa</key>
			<string>PBXShellScriptBuildPhase</string>
			<key>name</key>
			<string>[CP] Check Pods Manifest.lock</string>
			<key>outputPaths</key>
			<array/>
			<key>runOnlyForDeploymentPostprocessing</key>
			<string>0</string>
			<key>shellPath</key>
			<string>/bin/sh</string>
			<key>shellScript</key>
			<string>diff "${PODS_ROOT}/../Podfile.lock" "${PODS_ROOT}/Manifest.lock" &gt; /dev/null
if [[ $? != 0 ]] ; then
    cat &lt;&lt; EOM
error: The sandbox is not in sync with the Podfile.lock. Run 'pod install' or update your CocoaPods installation.
EOM
    exit 1
fi
</string>
			<key>showEnvVarsInLog</key>
			<string>0</string>
		</dict>
		<key>C8ED9A44A445CF2C85EB1B21</key>
		<dict>
			<key>includeInIndex</key>
			<string>1</string>
			<key>isa</key>
			<string>PBXFileReference</string>
			<key>lastKnownFileType</key>
			<string>text.xcconfig</string>
			<key>name</key>
			<string>Pods-Info Center for League of LegendsUITests.debug.xcconfig</string>
			<key>path</key>
			<string>Pods/Target Support Files/Pods-Info Center for League of LegendsUITests/Pods-Info Center for League of LegendsUITests.debug.xcconfig</string>
			<key>sourceTree</key>
			<string>&lt;group&gt;</string>
		</dict>
		<key>CAD72C4AB90BC77B73BC311D</key>
		<dict>
			<key>buildActionMask</key>
			<string>2147483647</string>
			<key>files</key>
			<array/>
			<key>inputPaths</key>
			<array/>
			<key>isa</key>
			<string>PBXShellScriptBuildPhase</string>
			<key>name</key>
			<string>[CP] Check Pods Manifest.lock</string>
			<key>outputPaths</key>
			<array/>
			<key>runOnlyForDeploymentPostprocessing</key>
			<string>0</string>
			<key>shellPath</key>
			<string>/bin/sh</string>
			<key>shellScript</key>
			<string>diff "${PODS_ROOT}/../Podfile.lock" "${PODS_ROOT}/Manifest.lock" &gt; /dev/null
if [[ $? != 0 ]] ; then
    cat &lt;&lt; EOM
error: The sandbox is not in sync with the Podfile.lock. Run 'pod install' or update your CocoaPods installation.
EOM
    exit 1
fi
</string>
			<key>showEnvVarsInLog</key>
			<string>0</string>
		</dict>
		<key>D4069ED77D0213EC88101EF4</key>
		<dict>
			<key>buildActionMask</key>
			<string>2147483647</string>
			<key>files</key>
			<array/>
			<key>inputPaths</key>
			<array/>
			<key>isa</key>
			<string>PBXShellScriptBuildPhase</string>
			<key>name</key>
			<string>[CP] Check Pods Manifest.lock</string>
			<key>outputPaths</key>
			<array/>
			<key>runOnlyForDeploymentPostprocessing</key>
			<string>0</string>
			<key>shellPath</key>
			<string>/bin/sh</string>
			<key>shellScript</key>
			<string>diff "${PODS_ROOT}/../Podfile.lock" "${PODS_ROOT}/Manifest.lock" &gt; /dev/null
if [[ $? != 0 ]] ; then
    cat &lt;&lt; EOM
error: The sandbox is not in sync with the Podfile.lock. Run 'pod install' or update your CocoaPods installation.
EOM
    exit 1
fi
</string>
			<key>showEnvVarsInLog</key>
			<string>0</string>
		</dict>
		<key>D6B17CC5A350CFD7AC80A0C9</key>
		<dict>
			<key>includeInIndex</key>
			<string>1</string>
			<key>isa</key>
			<string>PBXFileReference</string>
			<key>lastKnownFileType</key>
			<string>text.xcconfig</string>
			<key>name</key>
			<string>Pods-Info Center for League of LegendsTests.release.xcconfig</string>
			<key>path</key>
			<string>Pods/Target Support Files/Pods-Info Center for League of LegendsTests/Pods-Info Center for League of LegendsTests.release.xcconfig</string>
			<key>sourceTree</key>
			<string>&lt;group&gt;</string>
		</dict>
		<key>E85207ED8490CF6C0708BE8B</key>
		<dict>
			<key>buildActionMask</key>
			<string>2147483647</string>
			<key>files</key>
			<array/>
			<key>inputPaths</key>
			<array/>
			<key>isa</key>
			<string>PBXShellScriptBuildPhase</string>
			<key>name</key>
			<string>&#128230; Copy Pods Resources</string>
			<key>outputPaths</key>
			<array/>
			<key>runOnlyForDeploymentPostprocessing</key>
			<string>0</string>
			<key>shellPath</key>
			<string>/bin/sh</string>
			<key>shellScript</key>
			<string>"${SRCROOT}/Pods/Target Support Files/Pods-Info Center for League of Legends/Pods-Info Center for League of Legends-resources.sh"
</string>
			<key>showEnvVarsInLog</key>
			<string>0</string>
		</dict>
		<key>EABF361D88F86AB1565D7B3D</key>
		<dict>
			<key>includeInIndex</key>
			<string>1</string>
			<key>isa</key>
			<string>PBXFileReference</string>
			<key>lastKnownFileType</key>
			<string>text.xcconfig</string>
			<key>name</key>
			<string>Pods-Info Center for League of Legends.debug.xcconfig</string>
			<key>path</key>
			<string>Pods/Target Support Files/Pods-Info Center for League of Legends/Pods-Info Center for League of Legends.debug.xcconfig</string>
			<key>sourceTree</key>
			<string>&lt;group&gt;</string>
		</dict>
		<key>EE3B7C1DAE11E2D84B89985D</key>
		<dict>
			<key>fileRef</key>
			<string>428C3020155A1EB60F2A3812</string>
			<key>isa</key>
			<string>PBXBuildFile</string>
		</dict>
		<key>F351271F06740BFD378CBCFE</key>
		<dict>
			<key>buildActionMask</key>
			<string>2147483647</string>
			<key>files</key>
			<array/>
			<key>inputPaths</key>
			<array/>
			<key>isa</key>
			<string>PBXShellScriptBuildPhase</string>
			<key>name</key>
			<string>[CP] Copy Pods Resources</string>
			<key>outputPaths</key>
			<array/>
			<key>runOnlyForDeploymentPostprocessing</key>
			<string>0</string>
			<key>shellPath</key>
			<string>/bin/sh</string>
			<key>shellScript</key>
			<string>"${SRCROOT}/Pods/Target Support Files/Pods-Info Center for League of Legends/Pods-Info Center for League of Legends-resources.sh"
</string>
			<key>showEnvVarsInLog</key>
			<string>0</string>
		</dict>
		<key>F72AAA6B6FBDD3A7A426EE13</key>
		<dict>
			<key>buildActionMask</key>
			<string>2147483647</string>
			<key>files</key>
			<array/>
			<key>inputPaths</key>
			<array/>
			<key>isa</key>
			<string>PBXShellScriptBuildPhase</string>
			<key>name</key>
			<string>[CP] Embed Pods Frameworks</string>
			<key>outputPaths</key>
			<array/>
			<key>runOnlyForDeploymentPostprocessing</key>
			<string>0</string>
			<key>shellPath</key>
			<string>/bin/sh</string>
			<key>shellScript</key>
			<string>"${SRCROOT}/Pods/Target Support Files/Pods-Info Center for League of LegendsTests/Pods-Info Center for League of LegendsTests-frameworks.sh"
</string>
			<key>showEnvVarsInLog</key>
			<string>0</string>
		</dict>
	</dict>
	<key>rootObject</key>
	<string>174C950C1D106CCC00EBFB07</string>
</dict>
</plist>
