// !$*UTF8*$!
{
	archiveVersion = 1;
	classes = {
	};
	objectVersion = 46;
	objects = {

/* Begin PBXBuildFile section */
		172101C41D1EDB310088DB1A /* ProfileView.swift in Sources */ = {isa = PBXBuildFile; fileRef = 172101C31D1EDB310088DB1A /* ProfileView.swift */; };
		172101C71D1EDB9D0088DB1A /* ProfileView_Header.swift in Sources */ = {isa = PBXBuildFile; fileRef = 172101C61D1EDB9D0088DB1A /* ProfileView_Header.swift */; };
		172101CA1D1EDBDB0088DB1A /* ProfileView_ChampMastery.swift in Sources */ = {isa = PBXBuildFile; fileRef = 172101C81D1EDBDB0088DB1A /* ProfileView_ChampMastery.swift */; };
		172101CB1D1EDBDB0088DB1A /* ProfileView_RecentGames.swift in Sources */ = {isa = PBXBuildFile; fileRef = 172101C91D1EDBDB0088DB1A /* ProfileView_RecentGames.swift */; };
		172101CF1D1EDC2C0088DB1A /* ProfileView_Masteries.swift in Sources */ = {isa = PBXBuildFile; fileRef = 172101CC1D1EDC2C0088DB1A /* ProfileView_Masteries.swift */; };
		172101D01D1EDC2C0088DB1A /* ProfileView_Runes.swift in Sources */ = {isa = PBXBuildFile; fileRef = 172101CD1D1EDC2C0088DB1A /* ProfileView_Runes.swift */; };
		172101D11D1EDC2C0088DB1A /* ProfileView_Teams.swift in Sources */ = {isa = PBXBuildFile; fileRef = 172101CE1D1EDC2C0088DB1A /* ProfileView_Teams.swift */; };
		172101D31D1EDC880088DB1A /* MainCollectionViewController.swift in Sources */ = {isa = PBXBuildFile; fileRef = 172101D21D1EDC880088DB1A /* MainCollectionViewController.swift */; };
		172101D51D1F1A840088DB1A /* Settings.bundle in Resources */ = {isa = PBXBuildFile; fileRef = 172101D41D1F1A840088DB1A /* Settings.bundle */; };
		172101D71D1F26A00088DB1A /* DDragon.swift in Sources */ = {isa = PBXBuildFile; fileRef = 172101D61D1F26A00088DB1A /* DDragon.swift */; };
		1739C48F1D1C281400B50BDC /* PlistManager.swift in Sources */ = {isa = PBXBuildFile; fileRef = 1739C48E1D1C281400B50BDC /* PlistManager.swift */; };
		1739C4921D1C3A3800B50BDC /* SummonerEndpoint.swift in Sources */ = {isa = PBXBuildFile; fileRef = 1739C4911D1C3A3800B50BDC /* SummonerEndpoint.swift */; };
		174C95181D106CCD00EBFB07 /* AppDelegate.swift in Sources */ = {isa = PBXBuildFile; fileRef = 174C95171D106CCD00EBFB07 /* AppDelegate.swift */; };
		174C951F1D106CCD00EBFB07 /* Main.storyboard in Resources */ = {isa = PBXBuildFile; fileRef = 174C951D1D106CCD00EBFB07 /* Main.storyboard */; };
		174C95241D106CCE00EBFB07 /* LaunchScreen.storyboard in Resources */ = {isa = PBXBuildFile; fileRef = 174C95221D106CCE00EBFB07 /* LaunchScreen.storyboard */; };
		174C952F1D106CCE00EBFB07 /* Info_Center_for_League_of_LegendsTests.swift in Sources */ = {isa = PBXBuildFile; fileRef = 174C952E1D106CCE00EBFB07 /* Info_Center_for_League_of_LegendsTests.swift */; };
		174C953A1D106CCE00EBFB07 /* Info_Center_for_League_of_LegendsUITests.swift in Sources */ = {isa = PBXBuildFile; fileRef = 174C95391D106CCE00EBFB07 /* Info_Center_for_League_of_LegendsUITests.swift */; };
		1765108E1D23101800A076BA /* QuartzCore.framework in Frameworks */ = {isa = PBXBuildFile; fileRef = 1765108C1D230CB800A076BA /* QuartzCore.framework */; };
		176510911D231DBE00A076BA /* ProfileView_Header_StatsCell.swift in Sources */ = {isa = PBXBuildFile; fileRef = 176510901D231DBE00A076BA /* ProfileView_Header_StatsCell.swift */; };
		176D5B961D1C42A2000D9D85 /* Endpoints.swift in Sources */ = {isa = PBXBuildFile; fileRef = 176D5B951D1C42A2000D9D85 /* Endpoints.swift */; };
		176D5B981D1C478F000D9D85 /* SummonerDto.swift in Sources */ = {isa = PBXBuildFile; fileRef = 176D5B971D1C478F000D9D85 /* SummonerDto.swift */; };
		17D14E101D10D373007F6938 /* Special.xcassets in Resources */ = {isa = PBXBuildFile; fileRef = 17D14E0F1D10D373007F6938 /* Special.xcassets */; };
		17D14E141D10D3A8007F6938 /* Fall.xcassets in Resources */ = {isa = PBXBuildFile; fileRef = 17D14E111D10D3A8007F6938 /* Fall.xcassets */; };
		17D14E151D10D3A8007F6938 /* Normal.xcassets in Resources */ = {isa = PBXBuildFile; fileRef = 17D14E121D10D3A8007F6938 /* Normal.xcassets */; };
		17D14E161D10D3A8007F6938 /* Winter.xcassets in Resources */ = {isa = PBXBuildFile; fileRef = 17D14E131D10D3A8007F6938 /* Winter.xcassets */; };
		17D14E181D10D928007F6938 /* Ranked.xcassets in Resources */ = {isa = PBXBuildFile; fileRef = 17D14E171D10D928007F6938 /* Ranked.xcassets */; };
		17D14E1A1D10D947007F6938 /* FunRefresher.xcassets in Resources */ = {isa = PBXBuildFile; fileRef = 17D14E191D10D947007F6938 /* FunRefresher.xcassets */; };
		17EDBB301D10EEEF00C7B7C5 /* MainTableViewController.swift in Sources */ = {isa = PBXBuildFile; fileRef = 17EDBB2F1D10EEEF00C7B7C5 /* MainTableViewController.swift */; };
		17EDBB331D10EFAC00C7B7C5 /* ProfileSearch.swift in Sources */ = {isa = PBXBuildFile; fileRef = 17EDBB321D10EFAC00C7B7C5 /* ProfileSearch.swift */; };
		17EDBB361D10F12E00C7B7C5 /* GoogleService-Info.plist in Resources */ = {isa = PBXBuildFile; fileRef = 17EDBB351D10F12E00C7B7C5 /* GoogleService-Info.plist */; };
		17EDBB381D10F68D00C7B7C5 /* ExistingAppChecker.swift in Sources */ = {isa = PBXBuildFile; fileRef = 17EDBB371D10F68D00C7B7C5 /* ExistingAppChecker.swift */; };
		9BDD3013E0ED7A4DAF224558 /* Pods_Info_Center_for_League_of_Legends.framework in Frameworks */ = {isa = PBXBuildFile; fileRef = 2932808F146B2CA7C1F165DC /* Pods_Info_Center_for_League_of_Legends.framework */; };
		B83C44B1689A115821B7804E /* Pods_Info_Center_for_League_of_LegendsTests.framework in Frameworks */ = {isa = PBXBuildFile; fileRef = 3AD748C7C2466B765D461B63 /* Pods_Info_Center_for_League_of_LegendsTests.framework */; };
		EE3B7C1DAE11E2D84B89985D /* Pods_Info_Center_for_League_of_LegendsUITests.framework in Frameworks */ = {isa = PBXBuildFile; fileRef = 428C3020155A1EB60F2A3812 /* Pods_Info_Center_for_League_of_LegendsUITests.framework */; };
/* End PBXBuildFile section */

/* Begin PBXContainerItemProxy section */
		174C952B1D106CCE00EBFB07 /* PBXContainerItemProxy */ = {
			isa = PBXContainerItemProxy;
			containerPortal = 174C950C1D106CCC00EBFB07 /* Project object */;
			proxyType = 1;
			remoteGlobalIDString = 174C95131D106CCC00EBFB07;
			remoteInfo = "Info Center for League of Legends";
		};
		174C95361D106CCE00EBFB07 /* PBXContainerItemProxy */ = {
			isa = PBXContainerItemProxy;
			containerPortal = 174C950C1D106CCC00EBFB07 /* Project object */;
			proxyType = 1;
			remoteGlobalIDString = 174C95131D106CCC00EBFB07;
			remoteInfo = "Info Center for League of Legends";
		};
/* End PBXContainerItemProxy section */

/* Begin PBXFileReference section */
		172101C31D1EDB310088DB1A /* ProfileView.swift */ = {isa = PBXFileReference; fileEncoding = 4; lastKnownFileType = sourcecode.swift; name = ProfileView.swift; path = Profile/ProfileView.swift; sourceTree = "<group>"; };
		172101C61D1EDB9D0088DB1A /* ProfileView_Header.swift */ = {isa = PBXFileReference; fileEncoding = 4; lastKnownFileType = sourcecode.swift; name = ProfileView_Header.swift; path = "Profile/ProfileView Cells/ProfileView_Header.swift"; sourceTree = "<group>"; };
		172101C81D1EDBDB0088DB1A /* ProfileView_ChampMastery.swift */ = {isa = PBXFileReference; fileEncoding = 4; lastKnownFileType = sourcecode.swift; name = ProfileView_ChampMastery.swift; path = "Profile/ProfileView Cells/ProfileView_ChampMastery.swift"; sourceTree = "<group>"; };
		172101C91D1EDBDB0088DB1A /* ProfileView_RecentGames.swift */ = {isa = PBXFileReference; fileEncoding = 4; lastKnownFileType = sourcecode.swift; name = ProfileView_RecentGames.swift; path = "Profile/ProfileView Cells/ProfileView_RecentGames.swift"; sourceTree = "<group>"; };
		172101CC1D1EDC2C0088DB1A /* ProfileView_Masteries.swift */ = {isa = PBXFileReference; fileEncoding = 4; lastKnownFileType = sourcecode.swift; name = ProfileView_Masteries.swift; path = "Profile/ProfileView Cells/ProfileView_Masteries.swift"; sourceTree = "<group>"; };
		172101CD1D1EDC2C0088DB1A /* ProfileView_Runes.swift */ = {isa = PBXFileReference; fileEncoding = 4; lastKnownFileType = sourcecode.swift; name = ProfileView_Runes.swift; path = "Profile/ProfileView Cells/ProfileView_Runes.swift"; sourceTree = "<group>"; };
		172101CE1D1EDC2C0088DB1A /* ProfileView_Teams.swift */ = {isa = PBXFileReference; fileEncoding = 4; lastKnownFileType = sourcecode.swift; name = ProfileView_Teams.swift; path = "Profile/ProfileView Cells/ProfileView_Teams.swift"; sourceTree = "<group>"; };
		172101D21D1EDC880088DB1A /* MainCollectionViewController.swift */ = {isa = PBXFileReference; fileEncoding = 4; lastKnownFileType = sourcecode.swift; name = MainCollectionViewController.swift; path = Subclasses/MainCollectionViewController.swift; sourceTree = "<group>"; };
		172101D41D1F1A840088DB1A /* Settings.bundle */ = {isa = PBXFileReference; lastKnownFileType = "wrapper.plug-in"; path = Settings.bundle; sourceTree = "<group>"; };
		172101D61D1F26A00088DB1A /* DDragon.swift */ = {isa = PBXFileReference; fileEncoding = 4; lastKnownFileType = sourcecode.swift; name = DDragon.swift; path = "Riot API/DDragon.swift"; sourceTree = "<group>"; };
		1739C48E1D1C281400B50BDC /* PlistManager.swift */ = {isa = PBXFileReference; fileEncoding = 4; lastKnownFileType = sourcecode.swift; name = PlistManager.swift; path = Subclasses/PlistManager.swift; sourceTree = "<group>"; };
		1739C4911D1C3A3800B50BDC /* SummonerEndpoint.swift */ = {isa = PBXFileReference; fileEncoding = 4; lastKnownFileType = sourcecode.swift; name = SummonerEndpoint.swift; path = "Riot API/SummonerEndpoint.swift"; sourceTree = "<group>"; };
		174C95141D106CCD00EBFB07 /* Info Center for League of Legends.app */ = {isa = PBXFileReference; explicitFileType = wrapper.application; includeInIndex = 0; path = "Info Center for League of Legends.app"; sourceTree = BUILT_PRODUCTS_DIR; };
		174C95171D106CCD00EBFB07 /* AppDelegate.swift */ = {isa = PBXFileReference; lastKnownFileType = sourcecode.swift; path = AppDelegate.swift; sourceTree = "<group>"; };
		174C951E1D106CCD00EBFB07 /* Base */ = {isa = PBXFileReference; lastKnownFileType = file.storyboard; name = Base; path = Base.lproj/Main.storyboard; sourceTree = "<group>"; };
		174C95231D106CCE00EBFB07 /* Base */ = {isa = PBXFileReference; lastKnownFileType = file.storyboard; name = Base; path = Base.lproj/LaunchScreen.storyboard; sourceTree = "<group>"; };
		174C95251D106CCE00EBFB07 /* Info.plist */ = {isa = PBXFileReference; lastKnownFileType = text.plist.xml; path = Info.plist; sourceTree = "<group>"; };
		174C952A1D106CCE00EBFB07 /* Info Center for League of LegendsTests.xctest */ = {isa = PBXFileReference; explicitFileType = wrapper.cfbundle; includeInIndex = 0; path = "Info Center for League of LegendsTests.xctest"; sourceTree = BUILT_PRODUCTS_DIR; };
		174C952E1D106CCE00EBFB07 /* Info_Center_for_League_of_LegendsTests.swift */ = {isa = PBXFileReference; lastKnownFileType = sourcecode.swift; path = Info_Center_for_League_of_LegendsTests.swift; sourceTree = "<group>"; };
		174C95301D106CCE00EBFB07 /* Info.plist */ = {isa = PBXFileReference; lastKnownFileType = text.plist.xml; path = Info.plist; sourceTree = "<group>"; };
		174C95351D106CCE00EBFB07 /* Info Center for League of LegendsUITests.xctest */ = {isa = PBXFileReference; explicitFileType = wrapper.cfbundle; includeInIndex = 0; path = "Info Center for League of LegendsUITests.xctest"; sourceTree = BUILT_PRODUCTS_DIR; };
		174C95391D106CCE00EBFB07 /* Info_Center_for_League_of_LegendsUITests.swift */ = {isa = PBXFileReference; lastKnownFileType = sourcecode.swift; path = Info_Center_for_League_of_LegendsUITests.swift; sourceTree = "<group>"; };
		174C953B1D106CCE00EBFB07 /* Info.plist */ = {isa = PBXFileReference; lastKnownFileType = text.plist.xml; path = Info.plist; sourceTree = "<group>"; };
		1765108C1D230CB800A076BA /* QuartzCore.framework */ = {isa = PBXFileReference; lastKnownFileType = wrapper.framework; name = QuartzCore.framework; path = System/Library/Frameworks/QuartzCore.framework; sourceTree = SDKROOT; };
		176510901D231DBE00A076BA /* ProfileView_Header_StatsCell.swift */ = {isa = PBXFileReference; fileEncoding = 4; lastKnownFileType = sourcecode.swift; name = ProfileView_Header_StatsCell.swift; path = "Profile/ProfileView Cells/ProfileView Stats/ProfileView_Header_StatsCell.swift"; sourceTree = "<group>"; };
		176D5B951D1C42A2000D9D85 /* Endpoints.swift */ = {isa = PBXFileReference; fileEncoding = 4; lastKnownFileType = sourcecode.swift; name = Endpoints.swift; path = "Riot API/Endpoints.swift"; sourceTree = "<group>"; };
		176D5B971D1C478F000D9D85 /* SummonerDto.swift */ = {isa = PBXFileReference; fileEncoding = 4; lastKnownFileType = sourcecode.swift; name = SummonerDto.swift; path = "Riot API/SummonerEntities/SummonerDto.swift"; sourceTree = "<group>"; };
		1770B79B1D13B8790096AA9B /* Bridging-Header.h */ = {isa = PBXFileReference; fileEncoding = 4; lastKnownFileType = sourcecode.c.h; name = "Bridging-Header.h"; path = "Objective-C/Bridging-Header.h"; sourceTree = "<group>"; };
		17D14E0E1D10D12A007F6938 /* Info Center for League of Legends.entitlements */ = {isa = PBXFileReference; lastKnownFileType = text.xml; path = "Info Center for League of Legends.entitlements"; sourceTree = "<group>"; };
		17D14E0F1D10D373007F6938 /* Special.xcassets */ = {isa = PBXFileReference; lastKnownFileType = folder.assetcatalog; path = Special.xcassets; sourceTree = "<group>"; };
		17D14E111D10D3A8007F6938 /* Fall.xcassets */ = {isa = PBXFileReference; lastKnownFileType = folder.assetcatalog; path = Fall.xcassets; sourceTree = "<group>"; };
		17D14E121D10D3A8007F6938 /* Normal.xcassets */ = {isa = PBXFileReference; lastKnownFileType = folder.assetcatalog; path = Normal.xcassets; sourceTree = "<group>"; };
		17D14E131D10D3A8007F6938 /* Winter.xcassets */ = {isa = PBXFileReference; lastKnownFileType = folder.assetcatalog; path = Winter.xcassets; sourceTree = "<group>"; };
		17D14E171D10D928007F6938 /* Ranked.xcassets */ = {isa = PBXFileReference; lastKnownFileType = folder.assetcatalog; path = Ranked.xcassets; sourceTree = "<group>"; };
		17D14E191D10D947007F6938 /* FunRefresher.xcassets */ = {isa = PBXFileReference; lastKnownFileType = folder.assetcatalog; path = FunRefresher.xcassets; sourceTree = "<group>"; };
		17E5B9611D11A74100F213E6 /* libsqlite3.tbd */ = {isa = PBXFileReference; lastKnownFileType = "sourcecode.text-based-dylib-definition"; name = libsqlite3.tbd; path = usr/lib/libsqlite3.tbd; sourceTree = SDKROOT; };
		17EDBB2F1D10EEEF00C7B7C5 /* MainTableViewController.swift */ = {isa = PBXFileReference; fileEncoding = 4; lastKnownFileType = sourcecode.swift; name = MainTableViewController.swift; path = Subclasses/MainTableViewController.swift; sourceTree = "<group>"; };
		17EDBB321D10EFAC00C7B7C5 /* ProfileSearch.swift */ = {isa = PBXFileReference; fileEncoding = 4; lastKnownFileType = sourcecode.swift; name = ProfileSearch.swift; path = Profile/ProfileSearch.swift; sourceTree = "<group>"; };
		17EDBB351D10F12E00C7B7C5 /* GoogleService-Info.plist */ = {isa = PBXFileReference; fileEncoding = 4; lastKnownFileType = text.plist.xml; path = "GoogleService-Info.plist"; sourceTree = "<group>"; };
		17EDBB371D10F68D00C7B7C5 /* ExistingAppChecker.swift */ = {isa = PBXFileReference; fileEncoding = 4; lastKnownFileType = sourcecode.swift; name = ExistingAppChecker.swift; path = Subclasses/ExistingAppChecker.swift; sourceTree = "<group>"; };
		2932808F146B2CA7C1F165DC /* Pods_Info_Center_for_League_of_Legends.framework */ = {isa = PBXFileReference; explicitFileType = wrapper.framework; includeInIndex = 0; path = Pods_Info_Center_for_League_of_Legends.framework; sourceTree = BUILT_PRODUCTS_DIR; };
		3AD748C7C2466B765D461B63 /* Pods_Info_Center_for_League_of_LegendsTests.framework */ = {isa = PBXFileReference; explicitFileType = wrapper.framework; includeInIndex = 0; path = Pods_Info_Center_for_League_of_LegendsTests.framework; sourceTree = BUILT_PRODUCTS_DIR; };
		428C3020155A1EB60F2A3812 /* Pods_Info_Center_for_League_of_LegendsUITests.framework */ = {isa = PBXFileReference; explicitFileType = wrapper.framework; includeInIndex = 0; path = Pods_Info_Center_for_League_of_LegendsUITests.framework; sourceTree = BUILT_PRODUCTS_DIR; };
		883DB2D7EB75E9D80A6A9908 /* Pods-Info Center for League of LegendsUITests.release.xcconfig */ = {isa = PBXFileReference; includeInIndex = 1; lastKnownFileType = text.xcconfig; name = "Pods-Info Center for League of LegendsUITests.release.xcconfig"; path = "Pods/Target Support Files/Pods-Info Center for League of LegendsUITests/Pods-Info Center for League of LegendsUITests.release.xcconfig"; sourceTree = "<group>"; };
		886832505159034B2533C8E0 /* Pods-Info Center for League of LegendsTests.debug.xcconfig */ = {isa = PBXFileReference; includeInIndex = 1; lastKnownFileType = text.xcconfig; name = "Pods-Info Center for League of LegendsTests.debug.xcconfig"; path = "Pods/Target Support Files/Pods-Info Center for League of LegendsTests/Pods-Info Center for League of LegendsTests.debug.xcconfig"; sourceTree = "<group>"; };
		920A493D3B84AECB3D66BDD5 /* Pods-Info Center for League of Legends.release.xcconfig */ = {isa = PBXFileReference; includeInIndex = 1; lastKnownFileType = text.xcconfig; name = "Pods-Info Center for League of Legends.release.xcconfig"; path = "Pods/Target Support Files/Pods-Info Center for League of Legends/Pods-Info Center for League of Legends.release.xcconfig"; sourceTree = "<group>"; };
		C8ED9A44A445CF2C85EB1B21 /* Pods-Info Center for League of LegendsUITests.debug.xcconfig */ = {isa = PBXFileReference; includeInIndex = 1; lastKnownFileType = text.xcconfig; name = "Pods-Info Center for League of LegendsUITests.debug.xcconfig"; path = "Pods/Target Support Files/Pods-Info Center for League of LegendsUITests/Pods-Info Center for League of LegendsUITests.debug.xcconfig"; sourceTree = "<group>"; };
		D6B17CC5A350CFD7AC80A0C9 /* Pods-Info Center for League of LegendsTests.release.xcconfig */ = {isa = PBXFileReference; includeInIndex = 1; lastKnownFileType = text.xcconfig; name = "Pods-Info Center for League of LegendsTests.release.xcconfig"; path = "Pods/Target Support Files/Pods-Info Center for League of LegendsTests/Pods-Info Center for League of LegendsTests.release.xcconfig"; sourceTree = "<group>"; };
		EABF361D88F86AB1565D7B3D /* Pods-Info Center for League of Legends.debug.xcconfig */ = {isa = PBXFileReference; includeInIndex = 1; lastKnownFileType = text.xcconfig; name = "Pods-Info Center for League of Legends.debug.xcconfig"; path = "Pods/Target Support Files/Pods-Info Center for League of Legends/Pods-Info Center for League of Legends.debug.xcconfig"; sourceTree = "<group>"; };
/* End PBXFileReference section */

/* Begin PBXFrameworksBuildPhase section */
		174C95111D106CCC00EBFB07 /* Frameworks */ = {
			isa = PBXFrameworksBuildPhase;
			buildActionMask = 2147483647;
			files = (
				1765108E1D23101800A076BA /* QuartzCore.framework in Frameworks */,
				9BDD3013E0ED7A4DAF224558 /* Pods_Info_Center_for_League_of_Legends.framework in Frameworks */,
			);
			runOnlyForDeploymentPostprocessing = 0;
		};
		174C95271D106CCE00EBFB07 /* Frameworks */ = {
			isa = PBXFrameworksBuildPhase;
			buildActionMask = 2147483647;
			files = (
				B83C44B1689A115821B7804E /* Pods_Info_Center_for_League_of_LegendsTests.framework in Frameworks */,
			);
			runOnlyForDeploymentPostprocessing = 0;
		};
		174C95321D106CCE00EBFB07 /* Frameworks */ = {
			isa = PBXFrameworksBuildPhase;
			buildActionMask = 2147483647;
			files = (
				EE3B7C1DAE11E2D84B89985D /* Pods_Info_Center_for_League_of_LegendsUITests.framework in Frameworks */,
			);
			runOnlyForDeploymentPostprocessing = 0;
		};
/* End PBXFrameworksBuildPhase section */

/* Begin PBXGroup section */
		172101C51D1EDB340088DB1A /* ProfileView Cells */ = {
			isa = PBXGroup;
			children = (
				172101C61D1EDB9D0088DB1A /* ProfileView_Header.swift */,
				1765108F1D231D5300A076BA /* ProfileView Stats */,
				172101C81D1EDBDB0088DB1A /* ProfileView_ChampMastery.swift */,
				172101C91D1EDBDB0088DB1A /* ProfileView_RecentGames.swift */,
				172101CC1D1EDC2C0088DB1A /* ProfileView_Masteries.swift */,
				172101CD1D1EDC2C0088DB1A /* ProfileView_Runes.swift */,
				172101CE1D1EDC2C0088DB1A /* ProfileView_Teams.swift */,
			);
			name = "ProfileView Cells";
			sourceTree = "<group>";
		};
		1739C4901D1C383A00B50BDC /* Riot API */ = {
			isa = PBXGroup;
			children = (
				176D5B951D1C42A2000D9D85 /* Endpoints.swift */,
				172101D61D1F26A00088DB1A /* DDragon.swift */,
				1739C4911D1C3A3800B50BDC /* SummonerEndpoint.swift */,
				176D5B941D1C3D98000D9D85 /* SummonerEntities */,
			);
			name = "Riot API";
			sourceTree = "<group>";
		};
		174C950B1D106CCC00EBFB07 = {
			isa = PBXGroup;
			children = (
				174C95161D106CCD00EBFB07 /* Info Center for League of Legends */,
				174C952D1D106CCE00EBFB07 /* Info Center for League of LegendsTests */,
				174C95381D106CCE00EBFB07 /* Info Center for League of LegendsUITests */,
				174C95151D106CCD00EBFB07 /* Products */,
				63A748F66287514342697000 /* Pods */,
				21035380F080A49DE06B128A /* Frameworks */,
			);
			sourceTree = "<group>";
		};
		174C95151D106CCD00EBFB07 /* Products */ = {
			isa = PBXGroup;
			children = (
				174C95141D106CCD00EBFB07 /* Info Center for League of Legends.app */,
				174C952A1D106CCE00EBFB07 /* Info Center for League of LegendsTests.xctest */,
				174C95351D106CCE00EBFB07 /* Info Center for League of LegendsUITests.xctest */,
			);
			name = Products;
			sourceTree = "<group>";
		};
		174C95161D106CCD00EBFB07 /* Info Center for League of Legends */ = {
			isa = PBXGroup;
			children = (
				17D14E0E1D10D12A007F6938 /* Info Center for League of Legends.entitlements */,
				1739C4901D1C383A00B50BDC /* Riot API */,
				1770B79A1D13B8340096AA9B /* Objective-C */,
				17EDBB311D10EEF200C7B7C5 /* Subclasses */,
				174C95171D106CCD00EBFB07 /* AppDelegate.swift */,
				17EDBB341D10EFAF00C7B7C5 /* Profile */,
				174C951D1D106CCD00EBFB07 /* Main.storyboard */,
				17D14E131D10D3A8007F6938 /* Winter.xcassets */,
				17D14E121D10D3A8007F6938 /* Normal.xcassets */,
				17D14E111D10D3A8007F6938 /* Fall.xcassets */,
				17D14E0F1D10D373007F6938 /* Special.xcassets */,
				17D14E171D10D928007F6938 /* Ranked.xcassets */,
				17D14E191D10D947007F6938 /* FunRefresher.xcassets */,
				174C95221D106CCE00EBFB07 /* LaunchScreen.storyboard */,
				174C95251D106CCE00EBFB07 /* Info.plist */,
				17EDBB351D10F12E00C7B7C5 /* GoogleService-Info.plist */,
				172101D41D1F1A840088DB1A /* Settings.bundle */,
			);
			path = "Info Center for League of Legends";
			sourceTree = "<group>";
		};
		174C952D1D106CCE00EBFB07 /* Info Center for League of LegendsTests */ = {
			isa = PBXGroup;
			children = (
				174C952E1D106CCE00EBFB07 /* Info_Center_for_League_of_LegendsTests.swift */,
				174C95301D106CCE00EBFB07 /* Info.plist */,
			);
			path = "Info Center for League of LegendsTests";
			sourceTree = "<group>";
		};
		174C95381D106CCE00EBFB07 /* Info Center for League of LegendsUITests */ = {
			isa = PBXGroup;
			children = (
				174C95391D106CCE00EBFB07 /* Info_Center_for_League_of_LegendsUITests.swift */,
				174C953B1D106CCE00EBFB07 /* Info.plist */,
			);
			path = "Info Center for League of LegendsUITests";
			sourceTree = "<group>";
		};
		1765108F1D231D5300A076BA /* ProfileView Stats */ = {
			isa = PBXGroup;
			children = (
				176510901D231DBE00A076BA /* ProfileView_Header_StatsCell.swift */,
			);
			name = "ProfileView Stats";
			sourceTree = "<group>";
		};
		176D5B941D1C3D98000D9D85 /* SummonerEntities */ = {
			isa = PBXGroup;
			children = (
				176D5B971D1C478F000D9D85 /* SummonerDto.swift */,
			);
			name = SummonerEntities;
			sourceTree = "<group>";
		};
		1770B79A1D13B8340096AA9B /* Objective-C */ = {
			isa = PBXGroup;
			children = (
				1770B79B1D13B8790096AA9B /* Bridging-Header.h */,
			);
			name = "Objective-C";
			sourceTree = "<group>";
		};
		17EDBB311D10EEF200C7B7C5 /* Subclasses */ = {
			isa = PBXGroup;
			children = (
				1739C48E1D1C281400B50BDC /* PlistManager.swift */,
				17EDBB371D10F68D00C7B7C5 /* ExistingAppChecker.swift */,
				17EDBB2F1D10EEEF00C7B7C5 /* MainTableViewController.swift */,
				172101D21D1EDC880088DB1A /* MainCollectionViewController.swift */,
			);
			name = Subclasses;
			sourceTree = "<group>";
		};
		17EDBB341D10EFAF00C7B7C5 /* Profile */ = {
			isa = PBXGroup;
			children = (
				17EDBB321D10EFAC00C7B7C5 /* ProfileSearch.swift */,
				172101C31D1EDB310088DB1A /* ProfileView.swift */,
				172101C51D1EDB340088DB1A /* ProfileView Cells */,
			);
			name = Profile;
			sourceTree = "<group>";
		};
		21035380F080A49DE06B128A /* Frameworks */ = {
			isa = PBXGroup;
			children = (
				1765108C1D230CB800A076BA /* QuartzCore.framework */,
				17E5B9611D11A74100F213E6 /* libsqlite3.tbd */,
				2932808F146B2CA7C1F165DC /* Pods_Info_Center_for_League_of_Legends.framework */,
				3AD748C7C2466B765D461B63 /* Pods_Info_Center_for_League_of_LegendsTests.framework */,
				428C3020155A1EB60F2A3812 /* Pods_Info_Center_for_League_of_LegendsUITests.framework */,
			);
			name = Frameworks;
			sourceTree = "<group>";
		};
		63A748F66287514342697000 /* Pods */ = {
			isa = PBXGroup;
			children = (
				EABF361D88F86AB1565D7B3D /* Pods-Info Center for League of Legends.debug.xcconfig */,
				920A493D3B84AECB3D66BDD5 /* Pods-Info Center for League of Legends.release.xcconfig */,
				886832505159034B2533C8E0 /* Pods-Info Center for League of LegendsTests.debug.xcconfig */,
				D6B17CC5A350CFD7AC80A0C9 /* Pods-Info Center for League of LegendsTests.release.xcconfig */,
				C8ED9A44A445CF2C85EB1B21 /* Pods-Info Center for League of LegendsUITests.debug.xcconfig */,
				883DB2D7EB75E9D80A6A9908 /* Pods-Info Center for League of LegendsUITests.release.xcconfig */,
			);
			name = Pods;
			sourceTree = "<group>";
		};
/* End PBXGroup section */

/* Begin PBXNativeTarget section */
		174C95131D106CCC00EBFB07 /* Info Center for League of Legends */ = {
			isa = PBXNativeTarget;
			buildConfigurationList = 174C953E1D106CCE00EBFB07 /* Build configuration list for PBXNativeTarget "Info Center for League of Legends" */;
			buildPhases = (
				3DF85D96FCA0C734942FE9C3 /* 📦 Check Pods Manifest.lock */,
				B869A32C4A8AF6D394BD24F7 /* [CP] Check Pods Manifest.lock */,
				174C95101D106CCC00EBFB07 /* Sources */,
				174C95111D106CCC00EBFB07 /* Frameworks */,
				174C95121D106CCC00EBFB07 /* Resources */,
				17A5686FE59E71CD95A7A322 /* [CP] Embed Pods Frameworks */,
				F351271F06740BFD378CBCFE /* [CP] Copy Pods Resources */,
				A96665C66C12F8B23E201544 /* 📦 Embed Pods Frameworks */,
				E85207ED8490CF6C0708BE8B /* 📦 Copy Pods Resources */,
			);
			buildRules = (
			);
			dependencies = (
			);
			name = "Info Center for League of Legends";
			productName = "Info Center for League of Legends";
			productReference = 174C95141D106CCD00EBFB07 /* Info Center for League of Legends.app */;
			productType = "com.apple.product-type.application";
		};
		174C95291D106CCE00EBFB07 /* Info Center for League of LegendsTests */ = {
			isa = PBXNativeTarget;
			buildConfigurationList = 174C95411D106CCE00EBFB07 /* Build configuration list for PBXNativeTarget "Info Center for League of LegendsTests" */;
			buildPhases = (
				D4069ED77D0213EC88101EF4 /* 📦 Check Pods Manifest.lock */,
				A47F3D0328D73092B943D826 /* [CP] Check Pods Manifest.lock */,
				174C95261D106CCE00EBFB07 /* Sources */,
				174C95271D106CCE00EBFB07 /* Frameworks */,
				174C95281D106CCE00EBFB07 /* Resources */,
				F72AAA6B6FBDD3A7A426EE13 /* [CP] Embed Pods Frameworks */,
				603F0D1A9DFBD77C13E4FE13 /* [CP] Copy Pods Resources */,
				624D9763CB769C0160FCF9D4 /* 📦 Embed Pods Frameworks */,
				257CF2CA29B38C6F6202AB65 /* 📦 Copy Pods Resources */,
			);
			buildRules = (
			);
			dependencies = (
				174C952C1D106CCE00EBFB07 /* PBXTargetDependency */,
			);
			name = "Info Center for League of LegendsTests";
			productName = "Info Center for League of LegendsTests";
			productReference = 174C952A1D106CCE00EBFB07 /* Info Center for League of LegendsTests.xctest */;
			productType = "com.apple.product-type.bundle.unit-test";
		};
		174C95341D106CCE00EBFB07 /* Info Center for League of LegendsUITests */ = {
			isa = PBXNativeTarget;
			buildConfigurationList = 174C95441D106CCE00EBFB07 /* Build configuration list for PBXNativeTarget "Info Center for League of LegendsUITests" */;
			buildPhases = (
				CAD72C4AB90BC77B73BC311D /* 📦 Check Pods Manifest.lock */,
				33325DBF1C0E162857ED0766 /* [CP] Check Pods Manifest.lock */,
				174C95311D106CCE00EBFB07 /* Sources */,
				174C95321D106CCE00EBFB07 /* Frameworks */,
				174C95331D106CCE00EBFB07 /* Resources */,
				56033B9036BFBBFD025582F5 /* [CP] Copy Pods Resources */,
				53A4627FD2B44DACEC80387B /* 📦 Copy Pods Resources */,
			);
			buildRules = (
			);
			dependencies = (
				174C95371D106CCE00EBFB07 /* PBXTargetDependency */,
			);
			name = "Info Center for League of LegendsUITests";
			productName = "Info Center for League of LegendsUITests";
			productReference = 174C95351D106CCE00EBFB07 /* Info Center for League of LegendsUITests.xctest */;
			productType = "com.apple.product-type.bundle.ui-testing";
		};
/* End PBXNativeTarget section */

/* Begin PBXProject section */
		174C950C1D106CCC00EBFB07 /* Project object */ = {
			isa = PBXProject;
			attributes = {
				LastSwiftUpdateCheck = 0800;
				LastUpgradeCheck = 0800;
				ORGANIZATIONNAME = "Tech Genius";
				TargetAttributes = {
					174C95131D106CCC00EBFB07 = {
						CreatedOnToolsVersion = 8.0;
						DevelopmentTeam = 84PD2967AA;
						DevelopmentTeamName = "Eugenia Ilisei";
						ProvisioningStyle = Manual;
						SystemCapabilities = {
							com.apple.Push = {
								enabled = 1;
							};
						};
					};
					174C95291D106CCE00EBFB07 = {
						CreatedOnToolsVersion = 8.0;
						DevelopmentTeam = 84PD2967AA;
						DevelopmentTeamName = "Eugenia Ilisei";
						ProvisioningStyle = Manual;
						TestTargetID = 174C95131D106CCC00EBFB07;
					};
					174C95341D106CCE00EBFB07 = {
						CreatedOnToolsVersion = 8.0;
						DevelopmentTeam = 84PD2967AA;
						DevelopmentTeamName = "Eugenia Ilisei";
						ProvisioningStyle = Automatic;
						TestTargetID = 174C95131D106CCC00EBFB07;
					};
				};
			};
			buildConfigurationList = 174C950F1D106CCC00EBFB07 /* Build configuration list for PBXProject "Info Center for League of Legends" */;
			compatibilityVersion = "Xcode 3.2";
			developmentRegion = English;
			hasScannedForEncodings = 0;
			knownRegions = (
				en,
				Base,
			);
			mainGroup = 174C950B1D106CCC00EBFB07;
			productRefGroup = 174C95151D106CCD00EBFB07 /* Products */;
			projectDirPath = "";
			projectRoot = "";
			targets = (
				174C95131D106CCC00EBFB07 /* Info Center for League of Legends */,
				174C95291D106CCE00EBFB07 /* Info Center for League of LegendsTests */,
				174C95341D106CCE00EBFB07 /* Info Center for League of LegendsUITests */,
			);
		};
/* End PBXProject section */

/* Begin PBXResourcesBuildPhase section */
		174C95121D106CCC00EBFB07 /* Resources */ = {
			isa = PBXResourcesBuildPhase;
			buildActionMask = 2147483647;
			files = (
				17D14E1A1D10D947007F6938 /* FunRefresher.xcassets in Resources */,
				17D14E161D10D3A8007F6938 /* Winter.xcassets in Resources */,
				172101D51D1F1A840088DB1A /* Settings.bundle in Resources */,
				17EDBB361D10F12E00C7B7C5 /* GoogleService-Info.plist in Resources */,
				17D14E151D10D3A8007F6938 /* Normal.xcassets in Resources */,
				17D14E181D10D928007F6938 /* Ranked.xcassets in Resources */,
				17D14E141D10D3A8007F6938 /* Fall.xcassets in Resources */,
				174C95241D106CCE00EBFB07 /* LaunchScreen.storyboard in Resources */,
				17D14E101D10D373007F6938 /* Special.xcassets in Resources */,
				174C951F1D106CCD00EBFB07 /* Main.storyboard in Resources */,
			);
			runOnlyForDeploymentPostprocessing = 0;
		};
		174C95281D106CCE00EBFB07 /* Resources */ = {
			isa = PBXResourcesBuildPhase;
			buildActionMask = 2147483647;
			files = (
			);
			runOnlyForDeploymentPostprocessing = 0;
		};
		174C95331D106CCE00EBFB07 /* Resources */ = {
			isa = PBXResourcesBuildPhase;
			buildActionMask = 2147483647;
			files = (
			);
			runOnlyForDeploymentPostprocessing = 0;
		};
/* End PBXResourcesBuildPhase section */

/* Begin PBXShellScriptBuildPhase section */
		17A5686FE59E71CD95A7A322 /* [CP] Embed Pods Frameworks */ = {
			isa = PBXShellScriptBuildPhase;
			buildActionMask = 2147483647;
			files = (
			);
			inputPaths = (
			);
			name = "[CP] Embed Pods Frameworks";
			outputPaths = (
			);
			runOnlyForDeploymentPostprocessing = 0;
			shellPath = /bin/sh;
			shellScript = "\"${SRCROOT}/Pods/Target Support Files/Pods-Info Center for League of Legends/Pods-Info Center for League of Legends-frameworks.sh\"\n";
			showEnvVarsInLog = 0;
		};
		257CF2CA29B38C6F6202AB65 /* 📦 Copy Pods Resources */ = {
			isa = PBXShellScriptBuildPhase;
			buildActionMask = 2147483647;
			files = (
			);
			inputPaths = (
			);
			name = "📦 Copy Pods Resources";
			outputPaths = (
			);
			runOnlyForDeploymentPostprocessing = 0;
			shellPath = /bin/sh;
			shellScript = "\"${SRCROOT}/Pods/Target Support Files/Pods-Info Center for League of LegendsTests/Pods-Info Center for League of LegendsTests-resources.sh\"\n";
			showEnvVarsInLog = 0;
		};
		33325DBF1C0E162857ED0766 /* [CP] Check Pods Manifest.lock */ = {
			isa = PBXShellScriptBuildPhase;
			buildActionMask = 2147483647;
			files = (
			);
			inputPaths = (
			);
			name = "[CP] Check Pods Manifest.lock";
			outputPaths = (
			);
			runOnlyForDeploymentPostprocessing = 0;
			shellPath = /bin/sh;
			shellScript = "diff \"${PODS_ROOT}/../Podfile.lock\" \"${PODS_ROOT}/Manifest.lock\" > /dev/null\nif [[ $? != 0 ]] ; then\n    cat << EOM\nerror: The sandbox is not in sync with the Podfile.lock. Run 'pod install' or update your CocoaPods installation.\nEOM\n    exit 1\nfi\n";
			showEnvVarsInLog = 0;
		};
		3DF85D96FCA0C734942FE9C3 /* 📦 Check Pods Manifest.lock */ = {
			isa = PBXShellScriptBuildPhase;
			buildActionMask = 2147483647;
			files = (
			);
			inputPaths = (
			);
			name = "📦 Check Pods Manifest.lock";
			outputPaths = (
			);
			runOnlyForDeploymentPostprocessing = 0;
			shellPath = /bin/sh;
			shellScript = "diff \"${PODS_ROOT}/../Podfile.lock\" \"${PODS_ROOT}/Manifest.lock\" > /dev/null\nif [[ $? != 0 ]] ; then\n    cat << EOM\nerror: The sandbox is not in sync with the Podfile.lock. Run 'pod install' or update your CocoaPods installation.\nEOM\n    exit 1\nfi\n";
			showEnvVarsInLog = 0;
		};
		53A4627FD2B44DACEC80387B /* 📦 Copy Pods Resources */ = {
			isa = PBXShellScriptBuildPhase;
			buildActionMask = 2147483647;
			files = (
			);
			inputPaths = (
			);
			name = "📦 Copy Pods Resources";
			outputPaths = (
			);
			runOnlyForDeploymentPostprocessing = 0;
			shellPath = /bin/sh;
			shellScript = "\"${SRCROOT}/Pods/Target Support Files/Pods-Info Center for League of LegendsUITests/Pods-Info Center for League of LegendsUITests-resources.sh\"\n";
			showEnvVarsInLog = 0;
		};
		56033B9036BFBBFD025582F5 /* [CP] Copy Pods Resources */ = {
			isa = PBXShellScriptBuildPhase;
			buildActionMask = 2147483647;
			files = (
			);
			inputPaths = (
			);
			name = "[CP] Copy Pods Resources";
			outputPaths = (
			);
			runOnlyForDeploymentPostprocessing = 0;
			shellPath = /bin/sh;
			shellScript = "\"${SRCROOT}/Pods/Target Support Files/Pods-Info Center for League of LegendsUITests/Pods-Info Center for League of LegendsUITests-resources.sh\"\n";
			showEnvVarsInLog = 0;
		};
		603F0D1A9DFBD77C13E4FE13 /* [CP] Copy Pods Resources */ = {
			isa = PBXShellScriptBuildPhase;
			buildActionMask = 2147483647;
			files = (
			);
			inputPaths = (
			);
			name = "[CP] Copy Pods Resources";
			outputPaths = (
			);
			runOnlyForDeploymentPostprocessing = 0;
			shellPath = /bin/sh;
			shellScript = "\"${SRCROOT}/Pods/Target Support Files/Pods-Info Center for League of LegendsTests/Pods-Info Center for League of LegendsTests-resources.sh\"\n";
			showEnvVarsInLog = 0;
		};
		624D9763CB769C0160FCF9D4 /* 📦 Embed Pods Frameworks */ = {
			isa = PBXShellScriptBuildPhase;
			buildActionMask = 2147483647;
			files = (
			);
			inputPaths = (
			);
			name = "📦 Embed Pods Frameworks";
			outputPaths = (
			);
			runOnlyForDeploymentPostprocessing = 0;
			shellPath = /bin/sh;
			shellScript = "\"${SRCROOT}/Pods/Target Support Files/Pods-Info Center for League of LegendsTests/Pods-Info Center for League of LegendsTests-frameworks.sh\"\n";
			showEnvVarsInLog = 0;
		};
		A47F3D0328D73092B943D826 /* [CP] Check Pods Manifest.lock */ = {
			isa = PBXShellScriptBuildPhase;
			buildActionMask = 2147483647;
			files = (
			);
			inputPaths = (
			);
			name = "[CP] Check Pods Manifest.lock";
			outputPaths = (
			);
			runOnlyForDeploymentPostprocessing = 0;
			shellPath = /bin/sh;
			shellScript = "diff \"${PODS_ROOT}/../Podfile.lock\" \"${PODS_ROOT}/Manifest.lock\" > /dev/null\nif [[ $? != 0 ]] ; then\n    cat << EOM\nerror: The sandbox is not in sync with the Podfile.lock. Run 'pod install' or update your CocoaPods installation.\nEOM\n    exit 1\nfi\n";
			showEnvVarsInLog = 0;
		};
		A96665C66C12F8B23E201544 /* 📦 Embed Pods Frameworks */ = {
			isa = PBXShellScriptBuildPhase;
			buildActionMask = 2147483647;
			files = (
			);
			inputPaths = (
			);
			name = "📦 Embed Pods Frameworks";
			outputPaths = (
			);
			runOnlyForDeploymentPostprocessing = 0;
			shellPath = /bin/sh;
			shellScript = "\"${SRCROOT}/Pods/Target Support Files/Pods-Info Center for League of Legends/Pods-Info Center for League of Legends-frameworks.sh\"\n";
			showEnvVarsInLog = 0;
		};
		B869A32C4A8AF6D394BD24F7 /* [CP] Check Pods Manifest.lock */ = {
			isa = PBXShellScriptBuildPhase;
			buildActionMask = 2147483647;
			files = (
			);
			inputPaths = (
			);
			name = "[CP] Check Pods Manifest.lock";
			outputPaths = (
			);
			runOnlyForDeploymentPostprocessing = 0;
			shellPath = /bin/sh;
			shellScript = "diff \"${PODS_ROOT}/../Podfile.lock\" \"${PODS_ROOT}/Manifest.lock\" > /dev/null\nif [[ $? != 0 ]] ; then\n    cat << EOM\nerror: The sandbox is not in sync with the Podfile.lock. Run 'pod install' or update your CocoaPods installation.\nEOM\n    exit 1\nfi\n";
			showEnvVarsInLog = 0;
		};
		CAD72C4AB90BC77B73BC311D /* 📦 Check Pods Manifest.lock */ = {
			isa = PBXShellScriptBuildPhase;
			buildActionMask = 2147483647;
			files = (
			);
			inputPaths = (
			);
			name = "📦 Check Pods Manifest.lock";
			outputPaths = (
			);
			runOnlyForDeploymentPostprocessing = 0;
			shellPath = /bin/sh;
			shellScript = "diff \"${PODS_ROOT}/../Podfile.lock\" \"${PODS_ROOT}/Manifest.lock\" > /dev/null\nif [[ $? != 0 ]] ; then\n    cat << EOM\nerror: The sandbox is not in sync with the Podfile.lock. Run 'pod install' or update your CocoaPods installation.\nEOM\n    exit 1\nfi\n";
			showEnvVarsInLog = 0;
		};
		D4069ED77D0213EC88101EF4 /* 📦 Check Pods Manifest.lock */ = {
			isa = PBXShellScriptBuildPhase;
			buildActionMask = 2147483647;
			files = (
			);
			inputPaths = (
			);
			name = "📦 Check Pods Manifest.lock";
			outputPaths = (
			);
			runOnlyForDeploymentPostprocessing = 0;
			shellPath = /bin/sh;
			shellScript = "diff \"${PODS_ROOT}/../Podfile.lock\" \"${PODS_ROOT}/Manifest.lock\" > /dev/null\nif [[ $? != 0 ]] ; then\n    cat << EOM\nerror: The sandbox is not in sync with the Podfile.lock. Run 'pod install' or update your CocoaPods installation.\nEOM\n    exit 1\nfi\n";
			showEnvVarsInLog = 0;
		};
		E85207ED8490CF6C0708BE8B /* 📦 Copy Pods Resources */ = {
			isa = PBXShellScriptBuildPhase;
			buildActionMask = 2147483647;
			files = (
			);
			inputPaths = (
			);
			name = "📦 Copy Pods Resources";
			outputPaths = (
			);
			runOnlyForDeploymentPostprocessing = 0;
			shellPath = /bin/sh;
			shellScript = "\"${SRCROOT}/Pods/Target Support Files/Pods-Info Center for League of Legends/Pods-Info Center for League of Legends-resources.sh\"\n";
			showEnvVarsInLog = 0;
		};
		F351271F06740BFD378CBCFE /* [CP] Copy Pods Resources */ = {
			isa = PBXShellScriptBuildPhase;
			buildActionMask = 2147483647;
			files = (
			);
			inputPaths = (
			);
			name = "[CP] Copy Pods Resources";
			outputPaths = (
			);
			runOnlyForDeploymentPostprocessing = 0;
			shellPath = /bin/sh;
			shellScript = "\"${SRCROOT}/Pods/Target Support Files/Pods-Info Center for League of Legends/Pods-Info Center for League of Legends-resources.sh\"\n";
			showEnvVarsInLog = 0;
		};
		F72AAA6B6FBDD3A7A426EE13 /* [CP] Embed Pods Frameworks */ = {
			isa = PBXShellScriptBuildPhase;
			buildActionMask = 2147483647;
			files = (
			);
			inputPaths = (
			);
			name = "[CP] Embed Pods Frameworks";
			outputPaths = (
			);
			runOnlyForDeploymentPostprocessing = 0;
			shellPath = /bin/sh;
			shellScript = "\"${SRCROOT}/Pods/Target Support Files/Pods-Info Center for League of LegendsTests/Pods-Info Center for League of LegendsTests-frameworks.sh\"\n";
			showEnvVarsInLog = 0;
		};
/* End PBXShellScriptBuildPhase section */

/* Begin PBXSourcesBuildPhase section */
		174C95101D106CCC00EBFB07 /* Sources */ = {
			isa = PBXSourcesBuildPhase;
			buildActionMask = 2147483647;
			files = (
				1739C4921D1C3A3800B50BDC /* SummonerEndpoint.swift in Sources */,
				172101D31D1EDC880088DB1A /* MainCollectionViewController.swift in Sources */,
				172101CB1D1EDBDB0088DB1A /* ProfileView_RecentGames.swift in Sources */,
				176510911D231DBE00A076BA /* ProfileView_Header_StatsCell.swift in Sources */,
				172101D01D1EDC2C0088DB1A /* ProfileView_Runes.swift in Sources */,
				172101C71D1EDB9D0088DB1A /* ProfileView_Header.swift in Sources */,
				172101D71D1F26A00088DB1A /* DDragon.swift in Sources */,
				172101C41D1EDB310088DB1A /* ProfileView.swift in Sources */,
				176D5B981D1C478F000D9D85 /* SummonerDto.swift in Sources */,
				1739C48F1D1C281400B50BDC /* PlistManager.swift in Sources */,
				17EDBB301D10EEEF00C7B7C5 /* MainTableViewController.swift in Sources */,
				172101D11D1EDC2C0088DB1A /* ProfileView_Teams.swift in Sources */,
				176D5B961D1C42A2000D9D85 /* Endpoints.swift in Sources */,
				174C95181D106CCD00EBFB07 /* AppDelegate.swift in Sources */,
				172101CA1D1EDBDB0088DB1A /* ProfileView_ChampMastery.swift in Sources */,
				17EDBB381D10F68D00C7B7C5 /* ExistingAppChecker.swift in Sources */,
				17EDBB331D10EFAC00C7B7C5 /* ProfileSearch.swift in Sources */,
				172101CF1D1EDC2C0088DB1A /* ProfileView_Masteries.swift in Sources */,
			);
			runOnlyForDeploymentPostprocessing = 0;
		};
		174C95261D106CCE00EBFB07 /* Sources */ = {
			isa = PBXSourcesBuildPhase;
			buildActionMask = 2147483647;
			files = (
				174C952F1D106CCE00EBFB07 /* Info_Center_for_League_of_LegendsTests.swift in Sources */,
			);
			runOnlyForDeploymentPostprocessing = 0;
		};
		174C95311D106CCE00EBFB07 /* Sources */ = {
			isa = PBXSourcesBuildPhase;
			buildActionMask = 2147483647;
			files = (
				174C953A1D106CCE00EBFB07 /* Info_Center_for_League_of_LegendsUITests.swift in Sources */,
			);
			runOnlyForDeploymentPostprocessing = 0;
		};
/* End PBXSourcesBuildPhase section */

/* Begin PBXTargetDependency section */
		174C952C1D106CCE00EBFB07 /* PBXTargetDependency */ = {
			isa = PBXTargetDependency;
			target = 174C95131D106CCC00EBFB07 /* Info Center for League of Legends */;
			targetProxy = 174C952B1D106CCE00EBFB07 /* PBXContainerItemProxy */;
		};
		174C95371D106CCE00EBFB07 /* PBXTargetDependency */ = {
			isa = PBXTargetDependency;
			target = 174C95131D106CCC00EBFB07 /* Info Center for League of Legends */;
			targetProxy = 174C95361D106CCE00EBFB07 /* PBXContainerItemProxy */;
		};
/* End PBXTargetDependency section */

/* Begin PBXVariantGroup section */
		174C951D1D106CCD00EBFB07 /* Main.storyboard */ = {
			isa = PBXVariantGroup;
			children = (
				174C951E1D106CCD00EBFB07 /* Base */,
			);
			name = Main.storyboard;
			sourceTree = "<group>";
		};
		174C95221D106CCE00EBFB07 /* LaunchScreen.storyboard */ = {
			isa = PBXVariantGroup;
			children = (
				174C95231D106CCE00EBFB07 /* Base */,
			);
			name = LaunchScreen.storyboard;
			sourceTree = "<group>";
		};
/* End PBXVariantGroup section */

/* Begin XCBuildConfiguration section */
		174C953C1D106CCE00EBFB07 /* Debug */ = {
			isa = XCBuildConfiguration;
			buildSettings = {
				ALWAYS_SEARCH_USER_PATHS = NO;
				CLANG_ANALYZER_NONNULL = YES;
				CLANG_CXX_LANGUAGE_STANDARD = "gnu++0x";
				CLANG_CXX_LIBRARY = "libc++";
				CLANG_ENABLE_MODULES = YES;
				CLANG_ENABLE_OBJC_ARC = YES;
				CLANG_WARN_BOOL_CONVERSION = YES;
				CLANG_WARN_CONSTANT_CONVERSION = YES;
				CLANG_WARN_DIRECT_OBJC_ISA_USAGE = YES_ERROR;
				CLANG_WARN_DOCUMENTATION_COMMENTS = YES;
				CLANG_WARN_EMPTY_BODY = YES;
				CLANG_WARN_ENUM_CONVERSION = YES;
				CLANG_WARN_INT_CONVERSION = YES;
				CLANG_WARN_OBJC_ROOT_CLASS = YES_ERROR;
				CLANG_WARN_UNREACHABLE_CODE = YES;
				CLANG_WARN__DUPLICATE_METHOD_MATCH = YES;
				"CODE_SIGN_IDENTITY[sdk=iphoneos*]" = "iPhone Developer";
				COPY_PHASE_STRIP = NO;
				DEBUG_INFORMATION_FORMAT = dwarf;
				ENABLE_STRICT_OBJC_MSGSEND = YES;
				ENABLE_TESTABILITY = YES;
				GCC_C_LANGUAGE_STANDARD = gnu99;
				GCC_DYNAMIC_NO_PIC = NO;
				GCC_NO_COMMON_BLOCKS = YES;
				GCC_OPTIMIZATION_LEVEL = 0;
				GCC_PREPROCESSOR_DEFINITIONS = (
					"DEBUG=1",
					"$(inherited)",
				);
				GCC_WARN_64_TO_32_BIT_CONVERSION = YES;
				GCC_WARN_ABOUT_RETURN_TYPE = YES_ERROR;
				GCC_WARN_UNDECLARED_SELECTOR = YES;
				GCC_WARN_UNINITIALIZED_AUTOS = YES_AGGRESSIVE;
				GCC_WARN_UNUSED_FUNCTION = YES;
				GCC_WARN_UNUSED_VARIABLE = YES;
				IPHONEOS_DEPLOYMENT_TARGET = 10.0;
				MTL_ENABLE_DEBUG_INFO = YES;
				ONLY_ACTIVE_ARCH = YES;
				SDKROOT = iphoneos;
				SWIFT_ACTIVE_COMPILATION_CONDITIONS = DEBUG;
				SWIFT_OPTIMIZATION_LEVEL = "-Onone";
				TARGETED_DEVICE_FAMILY = "1,2";
			};
			name = Debug;
		};
		174C953D1D106CCE00EBFB07 /* Release */ = {
			isa = XCBuildConfiguration;
			buildSettings = {
				ALWAYS_SEARCH_USER_PATHS = NO;
				CLANG_ANALYZER_NONNULL = YES;
				CLANG_CXX_LANGUAGE_STANDARD = "gnu++0x";
				CLANG_CXX_LIBRARY = "libc++";
				CLANG_ENABLE_MODULES = YES;
				CLANG_ENABLE_OBJC_ARC = YES;
				CLANG_WARN_BOOL_CONVERSION = YES;
				CLANG_WARN_CONSTANT_CONVERSION = YES;
				CLANG_WARN_DIRECT_OBJC_ISA_USAGE = YES_ERROR;
				CLANG_WARN_DOCUMENTATION_COMMENTS = YES;
				CLANG_WARN_EMPTY_BODY = YES;
				CLANG_WARN_ENUM_CONVERSION = YES;
				CLANG_WARN_INT_CONVERSION = YES;
				CLANG_WARN_OBJC_ROOT_CLASS = YES_ERROR;
				CLANG_WARN_UNREACHABLE_CODE = YES;
				CLANG_WARN__DUPLICATE_METHOD_MATCH = YES;
				"CODE_SIGN_IDENTITY[sdk=iphoneos*]" = "iPhone Developer";
				COPY_PHASE_STRIP = NO;
				DEBUG_INFORMATION_FORMAT = "dwarf-with-dsym";
				ENABLE_NS_ASSERTIONS = NO;
				ENABLE_STRICT_OBJC_MSGSEND = YES;
				GCC_C_LANGUAGE_STANDARD = gnu99;
				GCC_NO_COMMON_BLOCKS = YES;
				GCC_WARN_64_TO_32_BIT_CONVERSION = YES;
				GCC_WARN_ABOUT_RETURN_TYPE = YES_ERROR;
				GCC_WARN_UNDECLARED_SELECTOR = YES;
				GCC_WARN_UNINITIALIZED_AUTOS = YES_AGGRESSIVE;
				GCC_WARN_UNUSED_FUNCTION = YES;
				GCC_WARN_UNUSED_VARIABLE = YES;
				IPHONEOS_DEPLOYMENT_TARGET = 10.0;
				MTL_ENABLE_DEBUG_INFO = NO;
				SDKROOT = iphoneos;
				SWIFT_OPTIMIZATION_LEVEL = "-Owholemodule";
				TARGETED_DEVICE_FAMILY = "1,2";
				VALIDATE_PRODUCT = YES;
			};
			name = Release;
		};
		174C953F1D106CCE00EBFB07 /* Debug */ = {
			isa = XCBuildConfiguration;
			baseConfigurationReference = EABF361D88F86AB1565D7B3D /* Pods-Info Center for League of Legends.debug.xcconfig */;
			buildSettings = {
				ASSETCATALOG_COMPILER_APPICON_NAME = AppIcon;
				CLANG_ALLOW_NON_MODULAR_INCLUDES_IN_FRAMEWORK_MODULES = NO;
				CODE_SIGN_ENTITLEMENTS = "Info Center for League of Legends/Info Center for League of Legends.entitlements";
				CODE_SIGN_IDENTITY = "iPhone Developer";
				"CODE_SIGN_IDENTITY[sdk=iphoneos*]" = "iPhone Developer";
				DEFINES_MODULE = NO;
				GCC_OPTIMIZATION_LEVEL = s;
				INFOPLIST_FILE = "Info Center for League of Legends/Info.plist";
				LD_RUNPATH_SEARCH_PATHS = "$(inherited) @executable_path/Frameworks";
				PRODUCT_BUNDLE_IDENTIFIER = "com.Tech-Genius.League-of-Legends-Center";
				PRODUCT_NAME = "$(TARGET_NAME)";
				PROVISIONING_PROFILE = "5ce3c945-f0b9-4922-a187-0b9e59b9e309";
				PROVISIONING_PROFILE_SPECIFIER = "84PD2967AA/IC: LoL Dev";
				SWIFT_OBJC_BRIDGING_HEADER = "Info Center for League of Legends/Objective-C/Bridging-Header.h";
				SWIFT_OPTIMIZATION_LEVEL = "-Owholemodule";
				SWIFT_VERSION = 3.0;
				VALIDATE_PRODUCT = YES;
			};
			name = Debug;
		};
		174C95401D106CCE00EBFB07 /* Release */ = {
			isa = XCBuildConfiguration;
			baseConfigurationReference = 920A493D3B84AECB3D66BDD5 /* Pods-Info Center for League of Legends.release.xcconfig */;
			buildSettings = {
				ASSETCATALOG_COMPILER_APPICON_NAME = AppIcon;
				CLANG_ALLOW_NON_MODULAR_INCLUDES_IN_FRAMEWORK_MODULES = NO;
				CODE_SIGN_ENTITLEMENTS = "Info Center for League of Legends/Info Center for League of Legends.entitlements";
				CODE_SIGN_IDENTITY = "";
				"CODE_SIGN_IDENTITY[sdk=iphoneos*]" = "iPhone Distribution";
				DEFINES_MODULE = NO;
				GCC_OPTIMIZATION_LEVEL = s;
				INFOPLIST_FILE = "Info Center for League of Legends/Info.plist";
				LD_RUNPATH_SEARCH_PATHS = "$(inherited) @executable_path/Frameworks";
				PRODUCT_BUNDLE_IDENTIFIER = "com.Tech-Genius.League-of-Legends-Center";
				PRODUCT_NAME = "$(TARGET_NAME)";
				PROVISIONING_PROFILE = "a9c12f8d-8b98-4646-9ea2-622805936e26";
				PROVISIONING_PROFILE_SPECIFIER = "84PD2967AA/IC: LoL Prod";
				SWIFT_OBJC_BRIDGING_HEADER = "Info Center for League of Legends/Objective-C/Bridging-Header.h";
				SWIFT_OPTIMIZATION_LEVEL = "-Owholemodule";
				SWIFT_VERSION = 3.0;
				VALIDATE_PRODUCT = YES;
			};
			name = Release;
		};
		174C95421D106CCE00EBFB07 /* Debug */ = {
			isa = XCBuildConfiguration;
			baseConfigurationReference = 886832505159034B2533C8E0 /* Pods-Info Center for League of LegendsTests.debug.xcconfig */;
			buildSettings = {
				BUNDLE_LOADER = "$(TEST_HOST)";
				CLANG_ALLOW_NON_MODULAR_INCLUDES_IN_FRAMEWORK_MODULES = NO;
				DEFINES_MODULE = NO;
				INFOPLIST_FILE = "Info Center for League of LegendsTests/Info.plist";
				LD_RUNPATH_SEARCH_PATHS = "$(inherited) @executable_path/Frameworks @loader_path/Frameworks";
				PRODUCT_BUNDLE_IDENTIFIER = "com.Tech-Genius.League-of-Legends-Center";
				PRODUCT_NAME = "$(TARGET_NAME)";
				PROVISIONING_PROFILE_SPECIFIER = 84PD2967AA/;
				SWIFT_OBJC_BRIDGING_HEADER = "Info Center for League of Legends/Objective-C/Bridging-Header.h";
				SWIFT_VERSION = 3.0;
				TEST_HOST = "$(BUILT_PRODUCTS_DIR)/Info Center for League of Legends.app/Info Center for League of Legends";
			};
			name = Debug;
		};
		174C95431D106CCE00EBFB07 /* Release */ = {
			isa = XCBuildConfiguration;
			baseConfigurationReference = D6B17CC5A350CFD7AC80A0C9 /* Pods-Info Center for League of LegendsTests.release.xcconfig */;
			buildSettings = {
				BUNDLE_LOADER = "$(TEST_HOST)";
				CLANG_ALLOW_NON_MODULAR_INCLUDES_IN_FRAMEWORK_MODULES = NO;
				"CODE_SIGN_IDENTITY[sdk=iphoneos*]" = "iPhone Distribution";
				DEFINES_MODULE = NO;
				INFOPLIST_FILE = "Info Center for League of LegendsTests/Info.plist";
				LD_RUNPATH_SEARCH_PATHS = "$(inherited) @executable_path/Frameworks @loader_path/Frameworks";
				PRODUCT_BUNDLE_IDENTIFIER = "com.Tech-Genius.League-of-Legends-Center";
				PRODUCT_NAME = "$(TARGET_NAME)";
				PROVISIONING_PROFILE_SPECIFIER = 84PD2967AA/;
				SWIFT_OBJC_BRIDGING_HEADER = "Info Center for League of Legends/Objective-C/Bridging-Header.h";
				SWIFT_VERSION = 3.0;
				TEST_HOST = "$(BUILT_PRODUCTS_DIR)/Info Center for League of Legends.app/Info Center for League of Legends";
			};
			name = Release;
		};
		174C95451D106CCE00EBFB07 /* Debug */ = {
			isa = XCBuildConfiguration;
			baseConfigurationReference = C8ED9A44A445CF2C85EB1B21 /* Pods-Info Center for League of LegendsUITests.debug.xcconfig */;
			buildSettings = {
				CLANG_ALLOW_NON_MODULAR_INCLUDES_IN_FRAMEWORK_MODULES = NO;
				INFOPLIST_FILE = "Info Center for League of LegendsUITests/Info.plist";
				LD_RUNPATH_SEARCH_PATHS = "$(inherited) @executable_path/Frameworks @loader_path/Frameworks";
				PRODUCT_BUNDLE_IDENTIFIER = "com.Tech-Genius.League-of-Legends-Center";
				PRODUCT_NAME = "$(TARGET_NAME)";
				SWIFT_OBJC_BRIDGING_HEADER = "";
				SWIFT_VERSION = 3.0;
				TEST_TARGET_NAME = "Info Center for League of Legends";
			};
			name = Debug;
		};
		174C95461D106CCE00EBFB07 /* Release */ = {
			isa = XCBuildConfiguration;
			baseConfigurationReference = 883DB2D7EB75E9D80A6A9908 /* Pods-Info Center for League of LegendsUITests.release.xcconfig */;
			buildSettings = {
				CLANG_ALLOW_NON_MODULAR_INCLUDES_IN_FRAMEWORK_MODULES = NO;
				INFOPLIST_FILE = "Info Center for League of LegendsUITests/Info.plist";
				LD_RUNPATH_SEARCH_PATHS = "$(inherited) @executable_path/Frameworks @loader_path/Frameworks";
				PRODUCT_BUNDLE_IDENTIFIER = "com.Tech-Genius.League-of-Legends-Center";
				PRODUCT_NAME = "$(TARGET_NAME)";
				SWIFT_OBJC_BRIDGING_HEADER = "";
				SWIFT_VERSION = 3.0;
				TEST_TARGET_NAME = "Info Center for League of Legends";
			};
			name = Release;
		};
/* End XCBuildConfiguration section */

/* Begin XCConfigurationList section */
		174C950F1D106CCC00EBFB07 /* Build configuration list for PBXProject "Info Center for League of Legends" */ = {
			isa = XCConfigurationList;
			buildConfigurations = (
				174C953C1D106CCE00EBFB07 /* Debug */,
				174C953D1D106CCE00EBFB07 /* Release */,
			);
			defaultConfigurationIsVisible = 0;
			defaultConfigurationName = Release;
		};
		174C953E1D106CCE00EBFB07 /* Build configuration list for PBXNativeTarget "Info Center for League of Legends" */ = {
			isa = XCConfigurationList;
			buildConfigurations = (
				174C953F1D106CCE00EBFB07 /* Debug */,
				174C95401D106CCE00EBFB07 /* Release */,
			);
			defaultConfigurationIsVisible = 0;
			defaultConfigurationName = Release;
		};
		174C95411D106CCE00EBFB07 /* Build configuration list for PBXNativeTarget "Info Center for League of LegendsTests" */ = {
			isa = XCConfigurationList;
			buildConfigurations = (
				174C95421D106CCE00EBFB07 /* Debug */,
				174C95431D106CCE00EBFB07 /* Release */,
			);
			defaultConfigurationIsVisible = 0;
			defaultConfigurationName = Release;
		};
		174C95441D106CCE00EBFB07 /* Build configuration list for PBXNativeTarget "Info Center for League of LegendsUITests" */ = {
			isa = XCConfigurationList;
			buildConfigurations = (
				174C95451D106CCE00EBFB07 /* Debug */,
				174C95461D106CCE00EBFB07 /* Release */,
			);
			defaultConfigurationIsVisible = 0;
			defaultConfigurationName = Release;
		};
/* End XCConfigurationList section */
	};
	rootObject = 174C950C1D106CCC00EBFB07 /* Project object */;
}
